{
  "originHash" : "1f26caf1545f1f383ca69f4d10f62eb8fa05be82b09badcedb11ca06c2efd907",
  "pins" : [
    {
      "identity" : "fluidaudio",
      "kind" : "remoteSourceControl",
      "location" : "https://github.com/FluidInference/FluidAudio.git",
      "state" : {
        "revision" : "19600a485baa4998812e4654b70d2bab8f2c9949",
        "version" : "0.15.5"
      }
    }
  ],
  "version" : 3
}
