// !$*UTF8*$!
{
	archiveVersion = 1;
	classes = {
	};
	objectVersion = 77;
	objects = {

/* Begin PBXBuildFile section */
		000000000000000000000101 /* MeetingScribeApp.swift in Sources */ = {isa = PBXBuildFile; fileRef = 000000000000000000000201 /* MeetingScribeApp.swift */; };
		000000000000000000000102 /* AppStatus.swift in Sources */ = {isa = PBXBuildFile; fileRef = 000000000000000000000202 /* AppStatus.swift */; };
		000000000000000000000103 /* AppState.swift in Sources */ = {isa = PBXBuildFile; fileRef = 000000000000000000000203 /* AppState.swift */; };
		000000000000000000000104 /* MenuBarView.swift in Sources */ = {isa = PBXBuildFile; fileRef = 000000000000000000000204 /* MenuBarView.swift */; };
		000000000000000000000105 /* RecordingSession.swift in Sources */ = {isa = PBXBuildFile; fileRef = 000000000000000000000205 /* RecordingSession.swift */; };
		000000000000000000000106 /* SessionMetadata.swift in Sources */ = {isa = PBXBuildFile; fileRef = 000000000000000000000206 /* SessionMetadata.swift */; };
		000000000000000000000107 /* SessionManager.swift in Sources */ = {isa = PBXBuildFile; fileRef = 000000000000000000000207 /* SessionManager.swift */; };
		000000000000000000000108 /* AppStateMachineTests.swift in Sources */ = {isa = PBXBuildFile; fileRef = 000000000000000000000208 /* AppStateMachineTests.swift */; };
		000000000000000000000109 /* SessionManagerTests.swift in Sources */ = {isa = PBXBuildFile; fileRef = 000000000000000000000209 /* SessionManagerTests.swift */; };
		000000000000000000000110 /* AudioCaptureDiagnostics.swift in Sources */ = {isa = PBXBuildFile; fileRef = 000000000000000000000213 /* AudioCaptureDiagnostics.swift */; };
		000000000000000000000111 /* AudioCaptureService.swift in Sources */ = {isa = PBXBuildFile; fileRef = 000000000000000000000214 /* AudioCaptureService.swift */; };
		000000000000000000000112 /* AudioFileWriter.swift in Sources */ = {isa = PBXBuildFile; fileRef = 000000000000000000000215 /* AudioFileWriter.swift */; };
		000000000000000000000113 /* SystemAudioCapture.swift in Sources */ = {isa = PBXBuildFile; fileRef = 000000000000000000000216 /* SystemAudioCapture.swift */; };
		000000000000000000000114 /* CaptureCoordinator.swift in Sources */ = {isa = PBXBuildFile; fileRef = 000000000000000000000217 /* CaptureCoordinator.swift */; };
		000000000000000000000115 /* AudioCaptureDiagnosticsTests.swift in Sources */ = {isa = PBXBuildFile; fileRef = 000000000000000000000218 /* AudioCaptureDiagnosticsTests.swift */; };
		000000000000000000000116 /* AudioFileWriterTests.swift in Sources */ = {isa = PBXBuildFile; fileRef = 000000000000000000000219 /* AudioFileWriterTests.swift */; };
		000000000000000000000117 /* AudioClock.swift in Sources */ = {isa = PBXBuildFile; fileRef = 000000000000000000000220 /* AudioClock.swift */; };
		000000000000000000000118 /* MicrophoneCapture.swift in Sources */ = {isa = PBXBuildFile; fileRef = 000000000000000000000221 /* MicrophoneCapture.swift */; };
		000000000000000000000119 /* CaptureCoordinatorTests.swift in Sources */ = {isa = PBXBuildFile; fileRef = 000000000000000000000222 /* CaptureCoordinatorTests.swift */; };
		000000000000000000000120 /* AudioConverter.swift in Sources */ = {isa = PBXBuildFile; fileRef = 000000000000000000000223 /* AudioConverter.swift */; };
		000000000000000000000121 /* AudioFinalizer.swift in Sources */ = {isa = PBXBuildFile; fileRef = 000000000000000000000224 /* AudioFinalizer.swift */; };
		000000000000000000000122 /* AudioFinalizerTests.swift in Sources */ = {isa = PBXBuildFile; fileRef = 000000000000000000000225 /* AudioFinalizerTests.swift */; };
		000000000000000000000123 /* whisper in Frameworks */ = {isa = PBXBuildFile; productRef = 000000000000000000001202 /* whisper */; };
		000000000000000000000124 /* TranscriptModels.swift in Sources */ = {isa = PBXBuildFile; fileRef = 000000000000000000000226 /* TranscriptModels.swift */; };
		000000000000000000000125 /* TranscriptionService.swift in Sources */ = {isa = PBXBuildFile; fileRef = 000000000000000000000227 /* TranscriptionService.swift */; };
		000000000000000000000126 /* WhisperAudioReader.swift in Sources */ = {isa = PBXBuildFile; fileRef = 000000000000000000000228 /* WhisperAudioReader.swift */; };
		000000000000000000000127 /* WhisperModelManager.swift in Sources */ = {isa = PBXBuildFile; fileRef = 000000000000000000000229 /* WhisperModelManager.swift */; };
		000000000000000000000128 /* WhisperCppService.swift in Sources */ = {isa = PBXBuildFile; fileRef = 000000000000000000000230 /* WhisperCppService.swift */; };
		000000000000000000000129 /* TranscriptModelsTests.swift in Sources */ = {isa = PBXBuildFile; fileRef = 000000000000000000000231 /* TranscriptModelsTests.swift */; };
		000000000000000000000130 /* WhisperAudioReaderTests.swift in Sources */ = {isa = PBXBuildFile; fileRef = 000000000000000000000232 /* WhisperAudioReaderTests.swift */; };
		000000000000000000000131 /* WhisperModelManagerTests.swift in Sources */ = {isa = PBXBuildFile; fileRef = 000000000000000000000233 /* WhisperModelManagerTests.swift */; };
		000000000000000000000132 /* SessionTranscriber.swift in Sources */ = {isa = PBXBuildFile; fileRef = 000000000000000000000234 /* SessionTranscriber.swift */; };
		000000000000000000000133 /* SessionTranscriberTests.swift in Sources */ = {isa = PBXBuildFile; fileRef = 000000000000000000000235 /* SessionTranscriberTests.swift */; };
		000000000000000000000134 /* WhisperCppIntegrationTests.swift in Sources */ = {isa = PBXBuildFile; fileRef = 000000000000000000000236 /* WhisperCppIntegrationTests.swift */; };
		000000000000000000000135 /* TranscriptMerger.swift in Sources */ = {isa = PBXBuildFile; fileRef = 000000000000000000000237 /* TranscriptMerger.swift */; };
		000000000000000000000136 /* TranscriptMergerTests.swift in Sources */ = {isa = PBXBuildFile; fileRef = 000000000000000000000238 /* TranscriptMergerTests.swift */; };
		000000000000000000000137 /* FilenameSanitizer.swift in Sources */ = {isa = PBXBuildFile; fileRef = 000000000000000000000239 /* FilenameSanitizer.swift */; };
		000000000000000000000138 /* MarkdownRenderer.swift in Sources */ = {isa = PBXBuildFile; fileRef = 000000000000000000000240 /* MarkdownRenderer.swift */; };
		000000000000000000000139 /* OutputExporter.swift in Sources */ = {isa = PBXBuildFile; fileRef = 000000000000000000000241 /* OutputExporter.swift */; };
		000000000000000000000140 /* OutputFolderStore.swift in Sources */ = {isa = PBXBuildFile; fileRef = 000000000000000000000242 /* OutputFolderStore.swift */; };
		000000000000000000000141 /* ObsidianService.swift in Sources */ = {isa = PBXBuildFile; fileRef = 000000000000000000000243 /* ObsidianService.swift */; };
		000000000000000000000142 /* MarkdownRendererTests.swift in Sources */ = {isa = PBXBuildFile; fileRef = 000000000000000000000244 /* MarkdownRendererTests.swift */; };
		000000000000000000000143 /* OutputExporterTests.swift in Sources */ = {isa = PBXBuildFile; fileRef = 000000000000000000000245 /* OutputExporterTests.swift */; };
		000000000000000000000144 /* OutputFolderAndObsidianTests.swift in Sources */ = {isa = PBXBuildFile; fileRef = 000000000000000000000246 /* OutputFolderAndObsidianTests.swift */; };
		000000000000000000000145 /* AnalysisModels.swift in Sources */ = {isa = PBXBuildFile; fileRef = 000000000000000000000247 /* AnalysisModels.swift */; };
		000000000000000000000146 /* AnalysisProvider.swift in Sources */ = {isa = PBXBuildFile; fileRef = 000000000000000000000248 /* AnalysisProvider.swift */; };
		000000000000000000000147 /* OpenAIAnalysisProvider.swift in Sources */ = {isa = PBXBuildFile; fileRef = 000000000000000000000249 /* OpenAIAnalysisProvider.swift */; };
		000000000000000000000148 /* APIKeyStore.swift in Sources */ = {isa = PBXBuildFile; fileRef = 000000000000000000000250 /* APIKeyStore.swift */; };
		000000000000000000000149 /* MeetingAnalyzer.swift in Sources */ = {isa = PBXBuildFile; fileRef = 000000000000000000000251 /* MeetingAnalyzer.swift */; };
		000000000000000000000150 /* AnalysisSettingsStore.swift in Sources */ = {isa = PBXBuildFile; fileRef = 000000000000000000000252 /* AnalysisSettingsStore.swift */; };
		000000000000000000000151 /* MeetingAnalyzerTests.swift in Sources */ = {isa = PBXBuildFile; fileRef = 000000000000000000000253 /* MeetingAnalyzerTests.swift */; };
		000000000000000000000152 /* OpenAIAnalysisProviderTests.swift in Sources */ = {isa = PBXBuildFile; fileRef = 000000000000000000000254 /* OpenAIAnalysisProviderTests.swift */; };
		000000000000000000000153 /* APIKeyStoreTests.swift in Sources */ = {isa = PBXBuildFile; fileRef = 000000000000000000000255 /* APIKeyStoreTests.swift */; };
		000000000000000000000154 /* StorageGuard.swift in Sources */ = {isa = PBXBuildFile; fileRef = 000000000000000000000256 /* StorageGuard.swift */; };
		000000000000000000000155 /* ProcessingLogger.swift in Sources */ = {isa = PBXBuildFile; fileRef = 000000000000000000000257 /* ProcessingLogger.swift */; };
		000000000000000000000156 /* SessionRecovery.swift in Sources */ = {isa = PBXBuildFile; fileRef = 000000000000000000000258 /* SessionRecovery.swift */; };
		000000000000000000000157 /* StorageGuardTests.swift in Sources */ = {isa = PBXBuildFile; fileRef = 000000000000000000000259 /* StorageGuardTests.swift */; };
		000000000000000000000158 /* ProcessingLoggerTests.swift in Sources */ = {isa = PBXBuildFile; fileRef = 000000000000000000000260 /* ProcessingLoggerTests.swift */; };
		000000000000000000000159 /* SessionRecoveryTests.swift in Sources */ = {isa = PBXBuildFile; fileRef = 000000000000000000000261 /* SessionRecoveryTests.swift */; };
		000000000000000000000160 /* AppStateResilienceTests.swift in Sources */ = {isa = PBXBuildFile; fileRef = 000000000000000000000262 /* AppStateResilienceTests.swift */; };
		000000000000000000000161 /* LongSessionStabilityTests.swift in Sources */ = {isa = PBXBuildFile; fileRef = 000000000000000000000263 /* LongSessionStabilityTests.swift */; };
		000000000000000000000162 /* WhisperSettingsStore.swift in Sources */ = {isa = PBXBuildFile; fileRef = 000000000000000000000264 /* WhisperSettingsStore.swift */; };
		000000000000000000000163 /* ProcessingFileService.swift in Sources */ = {isa = PBXBuildFile; fileRef = 000000000000000000000266 /* ProcessingFileService.swift */; };
		000000000000000000000164 /* AudioClockTests.swift in Sources */ = {isa = PBXBuildFile; fileRef = 000000000000000000000267 /* AudioClockTests.swift */; };
		000000000000000000000165 /* MicrophoneCaptureRecoveryTests.swift in Sources */ = {isa = PBXBuildFile; fileRef = 000000000000000000000268 /* MicrophoneCaptureRecoveryTests.swift */; };
		000000000000000000000166 /* ProcessingFileServiceTests.swift in Sources */ = {isa = PBXBuildFile; fileRef = 000000000000000000000269 /* ProcessingFileServiceTests.swift */; };
		000000000000000000000167 /* WhisperCancellationTests.swift in Sources */ = {isa = PBXBuildFile; fileRef = 000000000000000000000270 /* WhisperCancellationTests.swift */; };
		000000000000000000000168 /* ApplicationSettings.swift in Sources */ = {isa = PBXBuildFile; fileRef = 000000000000000000000271 /* ApplicationSettings.swift */; };
		000000000000000000000169 /* ProcessingProgress.swift in Sources */ = {isa = PBXBuildFile; fileRef = 000000000000000000000272 /* ProcessingProgress.swift */; };
		000000000000000000000170 /* SettingsView.swift in Sources */ = {isa = PBXBuildFile; fileRef = 000000000000000000000273 /* SettingsView.swift */; };
		000000000000000000000171 /* Localizable.xcstrings in Resources */ = {isa = PBXBuildFile; fileRef = 000000000000000000000274 /* Localizable.xcstrings */; };
		000000000000000000000172 /* SessionCatalog.swift in Sources */ = {isa = PBXBuildFile; fileRef = 000000000000000000000275 /* SessionCatalog.swift */; };
		000000000000000000000173 /* RecordingsWindowModel.swift in Sources */ = {isa = PBXBuildFile; fileRef = 000000000000000000000276 /* RecordingsWindowModel.swift */; };
		000000000000000000000174 /* RecordingsWindow.swift in Sources */ = {isa = PBXBuildFile; fileRef = 000000000000000000000277 /* RecordingsWindow.swift */; };
		000000000000000000000175 /* SessionCatalogTests.swift in Sources */ = {isa = PBXBuildFile; fileRef = 000000000000000000000278 /* SessionCatalogTests.swift */; };
/* End PBXBuildFile section */

/* Begin PBXContainerItemProxy section */
		000000000000000000000301 /* PBXContainerItemProxy */ = {
			isa = PBXContainerItemProxy;
			containerPortal = 000000000000000000000001 /* Project object */;
			proxyType = 1;
			remoteGlobalIDString = 000000000000000000000401;
			remoteInfo = MeetingScribe;
		};
/* End PBXContainerItemProxy section */

/* Begin PBXFileReference section */
		000000000000000000000201 /* MeetingScribeApp.swift */ = {isa = PBXFileReference; lastKnownFileType = sourcecode.swift; path = MeetingScribeApp.swift; sourceTree = "<group>"; };
		000000000000000000000202 /* AppStatus.swift */ = {isa = PBXFileReference; lastKnownFileType = sourcecode.swift; path = AppStatus.swift; sourceTree = "<group>"; };
		000000000000000000000203 /* AppState.swift */ = {isa = PBXFileReference; lastKnownFileType = sourcecode.swift; path = AppState.swift; sourceTree = "<group>"; };
		000000000000000000000204 /* MenuBarView.swift */ = {isa = PBXFileReference; lastKnownFileType = sourcecode.swift; path = MenuBarView.swift; sourceTree = "<group>"; };
		000000000000000000000205 /* RecordingSession.swift */ = {isa = PBXFileReference; lastKnownFileType = sourcecode.swift; path = RecordingSession.swift; sourceTree = "<group>"; };
		000000000000000000000206 /* SessionMetadata.swift */ = {isa = PBXFileReference; lastKnownFileType = sourcecode.swift; path = SessionMetadata.swift; sourceTree = "<group>"; };
		000000000000000000000207 /* SessionManager.swift */ = {isa = PBXFileReference; lastKnownFileType = sourcecode.swift; path = SessionManager.swift; sourceTree = "<group>"; };
		000000000000000000000208 /* AppStateMachineTests.swift */ = {isa = PBXFileReference; lastKnownFileType = sourcecode.swift; path = AppStateMachineTests.swift; sourceTree = "<group>"; };
		000000000000000000000209 /* SessionManagerTests.swift */ = {isa = PBXFileReference; lastKnownFileType = sourcecode.swift; path = SessionManagerTests.swift; sourceTree = "<group>"; };
		000000000000000000000210 /* MeetingScribe.app */ = {isa = PBXFileReference; explicitFileType = wrapper.application; includeInIndex = 0; path = MeetingScribe.app; sourceTree = BUILT_PRODUCTS_DIR; };
		000000000000000000000211 /* MeetingScribeTests.xctest */ = {isa = PBXFileReference; explicitFileType = wrapper.cfbundle; includeInIndex = 0; path = MeetingScribeTests.xctest; sourceTree = BUILT_PRODUCTS_DIR; };
		000000000000000000000212 /* README.md */ = {isa = PBXFileReference; lastKnownFileType = net.daringfireball.markdown; path = README.md; sourceTree = "<group>"; };
		000000000000000000000213 /* AudioCaptureDiagnostics.swift */ = {isa = PBXFileReference; lastKnownFileType = sourcecode.swift; path = AudioCaptureDiagnostics.swift; sourceTree = "<group>"; };
		000000000000000000000214 /* AudioCaptureService.swift */ = {isa = PBXFileReference; lastKnownFileType = sourcecode.swift; path = AudioCaptureService.swift; sourceTree = "<group>"; };
		000000000000000000000215 /* AudioFileWriter.swift */ = {isa = PBXFileReference; lastKnownFileType = sourcecode.swift; path = AudioFileWriter.swift; sourceTree = "<group>"; };
		000000000000000000000216 /* SystemAudioCapture.swift */ = {isa = PBXFileReference; lastKnownFileType = sourcecode.swift; path = SystemAudioCapture.swift; sourceTree = "<group>"; };
		000000000000000000000217 /* CaptureCoordinator.swift */ = {isa = PBXFileReference; lastKnownFileType = sourcecode.swift; path = CaptureCoordinator.swift; sourceTree = "<group>"; };
		000000000000000000000218 /* AudioCaptureDiagnosticsTests.swift */ = {isa = PBXFileReference; lastKnownFileType = sourcecode.swift; path = AudioCaptureDiagnosticsTests.swift; sourceTree = "<group>"; };
		000000000000000000000219 /* AudioFileWriterTests.swift */ = {isa = PBXFileReference; lastKnownFileType = sourcecode.swift; path = AudioFileWriterTests.swift; sourceTree = "<group>"; };
		000000000000000000000220 /* AudioClock.swift */ = {isa = PBXFileReference; lastKnownFileType = sourcecode.swift; path = AudioClock.swift; sourceTree = "<group>"; };
		000000000000000000000221 /* MicrophoneCapture.swift */ = {isa = PBXFileReference; lastKnownFileType = sourcecode.swift; path = MicrophoneCapture.swift; sourceTree = "<group>"; };
		000000000000000000000222 /* CaptureCoordinatorTests.swift */ = {isa = PBXFileReference; lastKnownFileType = sourcecode.swift; path = CaptureCoordinatorTests.swift; sourceTree = "<group>"; };
		000000000000000000000223 /* AudioConverter.swift */ = {isa = PBXFileReference; lastKnownFileType = sourcecode.swift; path = AudioConverter.swift; sourceTree = "<group>"; };
		000000000000000000000224 /* AudioFinalizer.swift */ = {isa = PBXFileReference; lastKnownFileType = sourcecode.swift; path = AudioFinalizer.swift; sourceTree = "<group>"; };
		000000000000000000000225 /* AudioFinalizerTests.swift */ = {isa = PBXFileReference; lastKnownFileType = sourcecode.swift; path = AudioFinalizerTests.swift; sourceTree = "<group>"; };
		000000000000000000000226 /* TranscriptModels.swift */ = {isa = PBXFileReference; lastKnownFileType = sourcecode.swift; path = TranscriptModels.swift; sourceTree = "<group>"; };
		000000000000000000000227 /* TranscriptionService.swift */ = {isa = PBXFileReference; lastKnownFileType = sourcecode.swift; path = TranscriptionService.swift; sourceTree = "<group>"; };
		000000000000000000000228 /* WhisperAudioReader.swift */ = {isa = PBXFileReference; lastKnownFileType = sourcecode.swift; path = WhisperAudioReader.swift; sourceTree = "<group>"; };
		000000000000000000000229 /* WhisperModelManager.swift */ = {isa = PBXFileReference; lastKnownFileType = sourcecode.swift; path = WhisperModelManager.swift; sourceTree = "<group>"; };
		000000000000000000000230 /* WhisperCppService.swift */ = {isa = PBXFileReference; lastKnownFileType = sourcecode.swift; path = WhisperCppService.swift; sourceTree = "<group>"; };
		000000000000000000000231 /* TranscriptModelsTests.swift */ = {isa = PBXFileReference; lastKnownFileType = sourcecode.swift; path = TranscriptModelsTests.swift; sourceTree = "<group>"; };
		000000000000000000000232 /* WhisperAudioReaderTests.swift */ = {isa = PBXFileReference; lastKnownFileType = sourcecode.swift; path = WhisperAudioReaderTests.swift; sourceTree = "<group>"; };
		000000000000000000000233 /* WhisperModelManagerTests.swift */ = {isa = PBXFileReference; lastKnownFileType = sourcecode.swift; path = WhisperModelManagerTests.swift; sourceTree = "<group>"; };
		000000000000000000000234 /* SessionTranscriber.swift */ = {isa = PBXFileReference; lastKnownFileType = sourcecode.swift; path = SessionTranscriber.swift; sourceTree = "<group>"; };
		000000000000000000000235 /* SessionTranscriberTests.swift */ = {isa = PBXFileReference; lastKnownFileType = sourcecode.swift; path = SessionTranscriberTests.swift; sourceTree = "<group>"; };
		000000000000000000000236 /* WhisperCppIntegrationTests.swift */ = {isa = PBXFileReference; lastKnownFileType = sourcecode.swift; path = WhisperCppIntegrationTests.swift; sourceTree = "<group>"; };
		000000000000000000000237 /* TranscriptMerger.swift */ = {isa = PBXFileReference; lastKnownFileType = sourcecode.swift; path = TranscriptMerger.swift; sourceTree = "<group>"; };
		000000000000000000000238 /* TranscriptMergerTests.swift */ = {isa = PBXFileReference; lastKnownFileType = sourcecode.swift; path = TranscriptMergerTests.swift; sourceTree = "<group>"; };
		000000000000000000000239 /* FilenameSanitizer.swift */ = {isa = PBXFileReference; lastKnownFileType = sourcecode.swift; path = FilenameSanitizer.swift; sourceTree = "<group>"; };
		000000000000000000000240 /* MarkdownRenderer.swift */ = {isa = PBXFileReference; lastKnownFileType = sourcecode.swift; path = MarkdownRenderer.swift; sourceTree = "<group>"; };
		000000000000000000000241 /* OutputExporter.swift */ = {isa = PBXFileReference; lastKnownFileType = sourcecode.swift; path = OutputExporter.swift; sourceTree = "<group>"; };
		000000000000000000000242 /* OutputFolderStore.swift */ = {isa = PBXFileReference; lastKnownFileType = sourcecode.swift; path = OutputFolderStore.swift; sourceTree = "<group>"; };
		000000000000000000000243 /* ObsidianService.swift */ = {isa = PBXFileReference; lastKnownFileType = sourcecode.swift; path = ObsidianService.swift; sourceTree = "<group>"; };
		000000000000000000000244 /* MarkdownRendererTests.swift */ = {isa = PBXFileReference; lastKnownFileType = sourcecode.swift; path = MarkdownRendererTests.swift; sourceTree = "<group>"; };
		000000000000000000000245 /* OutputExporterTests.swift */ = {isa = PBXFileReference; lastKnownFileType = sourcecode.swift; path = OutputExporterTests.swift; sourceTree = "<group>"; };
		000000000000000000000246 /* OutputFolderAndObsidianTests.swift */ = {isa = PBXFileReference; lastKnownFileType = sourcecode.swift; path = OutputFolderAndObsidianTests.swift; sourceTree = "<group>"; };
		000000000000000000000247 /* AnalysisModels.swift */ = {isa = PBXFileReference; lastKnownFileType = sourcecode.swift; path = AnalysisModels.swift; sourceTree = "<group>"; };
		000000000000000000000248 /* AnalysisProvider.swift */ = {isa = PBXFileReference; lastKnownFileType = sourcecode.swift; path = AnalysisProvider.swift; sourceTree = "<group>"; };
		000000000000000000000249 /* OpenAIAnalysisProvider.swift */ = {isa = PBXFileReference; lastKnownFileType = sourcecode.swift; path = OpenAIAnalysisProvider.swift; sourceTree = "<group>"; };
		000000000000000000000250 /* APIKeyStore.swift */ = {isa = PBXFileReference; lastKnownFileType = sourcecode.swift; path = APIKeyStore.swift; sourceTree = "<group>"; };
		000000000000000000000251 /* MeetingAnalyzer.swift */ = {isa = PBXFileReference; lastKnownFileType = sourcecode.swift; path = MeetingAnalyzer.swift; sourceTree = "<group>"; };
		000000000000000000000252 /* AnalysisSettingsStore.swift */ = {isa = PBXFileReference; lastKnownFileType = sourcecode.swift; path = AnalysisSettingsStore.swift; sourceTree = "<group>"; };
		000000000000000000000253 /* MeetingAnalyzerTests.swift */ = {isa = PBXFileReference; lastKnownFileType = sourcecode.swift; path = MeetingAnalyzerTests.swift; sourceTree = "<group>"; };
		000000000000000000000254 /* OpenAIAnalysisProviderTests.swift */ = {isa = PBXFileReference; lastKnownFileType = sourcecode.swift; path = OpenAIAnalysisProviderTests.swift; sourceTree = "<group>"; };
		000000000000000000000255 /* APIKeyStoreTests.swift */ = {isa = PBXFileReference; lastKnownFileType = sourcecode.swift; path = APIKeyStoreTests.swift; sourceTree = "<group>"; };
		000000000000000000000256 /* StorageGuard.swift */ = {isa = PBXFileReference; lastKnownFileType = sourcecode.swift; path = StorageGuard.swift; sourceTree = "<group>"; };
		000000000000000000000257 /* ProcessingLogger.swift */ = {isa = PBXFileReference; lastKnownFileType = sourcecode.swift; path = ProcessingLogger.swift; sourceTree = "<group>"; };
		000000000000000000000258 /* SessionRecovery.swift */ = {isa = PBXFileReference; lastKnownFileType = sourcecode.swift; path = SessionRecovery.swift; sourceTree = "<group>"; };
		000000000000000000000259 /* StorageGuardTests.swift */ = {isa = PBXFileReference; lastKnownFileType = sourcecode.swift; path = StorageGuardTests.swift; sourceTree = "<group>"; };
		000000000000000000000260 /* ProcessingLoggerTests.swift */ = {isa = PBXFileReference; lastKnownFileType = sourcecode.swift; path = ProcessingLoggerTests.swift; sourceTree = "<group>"; };
		000000000000000000000261 /* SessionRecoveryTests.swift */ = {isa = PBXFileReference; lastKnownFileType = sourcecode.swift; path = SessionRecoveryTests.swift; sourceTree = "<group>"; };
		000000000000000000000262 /* AppStateResilienceTests.swift */ = {isa = PBXFileReference; lastKnownFileType = sourcecode.swift; path = AppStateResilienceTests.swift; sourceTree = "<group>"; };
		000000000000000000000263 /* LongSessionStabilityTests.swift */ = {isa = PBXFileReference; lastKnownFileType = sourcecode.swift; path = LongSessionStabilityTests.swift; sourceTree = "<group>"; };
		000000000000000000000264 /* WhisperSettingsStore.swift */ = {isa = PBXFileReference; lastKnownFileType = sourcecode.swift; path = WhisperSettingsStore.swift; sourceTree = "<group>"; };
		000000000000000000000265 /* MeetingScribe.entitlements */ = {isa = PBXFileReference; lastKnownFileType = text.plist.entitlements; path = MeetingScribe.entitlements; sourceTree = "<group>"; };
		000000000000000000000266 /* ProcessingFileService.swift */ = {isa = PBXFileReference; lastKnownFileType = sourcecode.swift; path = ProcessingFileService.swift; sourceTree = "<group>"; };
		000000000000000000000267 /* AudioClockTests.swift */ = {isa = PBXFileReference; lastKnownFileType = sourcecode.swift; path = AudioClockTests.swift; sourceTree = "<group>"; };
		000000000000000000000268 /* MicrophoneCaptureRecoveryTests.swift */ = {isa = PBXFileReference; lastKnownFileType = sourcecode.swift; path = MicrophoneCaptureRecoveryTests.swift; sourceTree = "<group>"; };
		000000000000000000000269 /* ProcessingFileServiceTests.swift */ = {isa = PBXFileReference; lastKnownFileType = sourcecode.swift; path = ProcessingFileServiceTests.swift; sourceTree = "<group>"; };
		000000000000000000000270 /* WhisperCancellationTests.swift */ = {isa = PBXFileReference; lastKnownFileType = sourcecode.swift; path = WhisperCancellationTests.swift; sourceTree = "<group>"; };
		000000000000000000000271 /* ApplicationSettings.swift */ = {isa = PBXFileReference; lastKnownFileType = sourcecode.swift; path = ApplicationSettings.swift; sourceTree = "<group>"; };
		000000000000000000000272 /* ProcessingProgress.swift */ = {isa = PBXFileReference; lastKnownFileType = sourcecode.swift; path = ProcessingProgress.swift; sourceTree = "<group>"; };
		000000000000000000000273 /* SettingsView.swift */ = {isa = PBXFileReference; lastKnownFileType = sourcecode.swift; path = SettingsView.swift; sourceTree = "<group>"; };
		000000000000000000000274 /* Localizable.xcstrings */ = {isa = PBXFileReference; lastKnownFileType = text.json.xcstrings; path = Localizable.xcstrings; sourceTree = "<group>"; };
		000000000000000000000275 /* SessionCatalog.swift */ = {isa = PBXFileReference; lastKnownFileType = sourcecode.swift; path = SessionCatalog.swift; sourceTree = "<group>"; };
		000000000000000000000276 /* RecordingsWindowModel.swift */ = {isa = PBXFileReference; lastKnownFileType = sourcecode.swift; path = RecordingsWindowModel.swift; sourceTree = "<group>"; };
		000000000000000000000277 /* RecordingsWindow.swift */ = {isa = PBXFileReference; lastKnownFileType = sourcecode.swift; path = RecordingsWindow.swift; sourceTree = "<group>"; };
		000000000000000000000278 /* SessionCatalogTests.swift */ = {isa = PBXFileReference; lastKnownFileType = sourcecode.swift; path = SessionCatalogTests.swift; sourceTree = "<group>"; };
/* End PBXFileReference section */

/* Begin PBXFrameworksBuildPhase section */
		000000000000000000000501 /* Frameworks */ = {
			isa = PBXFrameworksBuildPhase;
			buildActionMask = 2147483647;
			files = (
				000000000000000000000123 /* whisper in Frameworks */,
			);
			runOnlyForDeploymentPostprocessing = 0;
		};
		000000000000000000000502 /* Frameworks */ = {
			isa = PBXFrameworksBuildPhase;
			buildActionMask = 2147483647;
			files = (
			);
			runOnlyForDeploymentPostprocessing = 0;
		};
/* End PBXFrameworksBuildPhase section */

/* Begin PBXGroup section */
		000000000000000000000601 = {
			isa = PBXGroup;
			children = (
				000000000000000000000602 /* MeetingScribe */,
				000000000000000000000605 /* MeetingScribeTests */,
				000000000000000000000606 /* Products */,
				000000000000000000000212 /* README.md */,
			);
			sourceTree = "<group>";
		};
		000000000000000000000602 /* MeetingScribe */ = {
			isa = PBXGroup;
			children = (
				000000000000000000000265 /* MeetingScribe.entitlements */,
				000000000000000000000603 /* App */,
				000000000000000000000611 /* Resources */,
				000000000000000000000607 /* Capture */,
				000000000000000000000604 /* Sessions */,
				000000000000000000000608 /* Transcription */,
				000000000000000000000610 /* Analysis */,
				000000000000000000000609 /* Output */,
			);
			path = MeetingScribe;
			sourceTree = "<group>";
		};
		000000000000000000000603 /* App */ = {
			isa = PBXGroup;
			children = (
				000000000000000000000201 /* MeetingScribeApp.swift */,
				000000000000000000000202 /* AppStatus.swift */,
				000000000000000000000203 /* AppState.swift */,
				000000000000000000000271 /* ApplicationSettings.swift */,
				000000000000000000000272 /* ProcessingProgress.swift */,
				000000000000000000000273 /* SettingsView.swift */,
				000000000000000000000204 /* MenuBarView.swift */,
				000000000000000000000276 /* RecordingsWindowModel.swift */,
				000000000000000000000277 /* RecordingsWindow.swift */,
			);
			path = App;
			sourceTree = "<group>";
		};
		000000000000000000000611 /* Resources */ = {
			isa = PBXGroup;
			children = (
				000000000000000000000274 /* Localizable.xcstrings */,
			);
			path = Resources;
			sourceTree = "<group>";
		};
		000000000000000000000604 /* Sessions */ = {
			isa = PBXGroup;
			children = (
				000000000000000000000205 /* RecordingSession.swift */,
				000000000000000000000206 /* SessionMetadata.swift */,
				000000000000000000000207 /* SessionManager.swift */,
				000000000000000000000258 /* SessionRecovery.swift */,
				000000000000000000000256 /* StorageGuard.swift */,
				000000000000000000000257 /* ProcessingLogger.swift */,
				000000000000000000000275 /* SessionCatalog.swift */,
			);
			path = Sessions;
			sourceTree = "<group>";
		};
		000000000000000000000605 /* MeetingScribeTests */ = {
			isa = PBXGroup;
			children = (
				000000000000000000000267 /* AudioClockTests.swift */,
				000000000000000000000268 /* MicrophoneCaptureRecoveryTests.swift */,
				000000000000000000000269 /* ProcessingFileServiceTests.swift */,
				000000000000000000000270 /* WhisperCancellationTests.swift */,
				000000000000000000000263 /* LongSessionStabilityTests.swift */,
				000000000000000000000262 /* AppStateResilienceTests.swift */,
				000000000000000000000261 /* SessionRecoveryTests.swift */,
				000000000000000000000260 /* ProcessingLoggerTests.swift */,
				000000000000000000000259 /* StorageGuardTests.swift */,
				000000000000000000000255 /* APIKeyStoreTests.swift */,
				000000000000000000000254 /* OpenAIAnalysisProviderTests.swift */,
				000000000000000000000253 /* MeetingAnalyzerTests.swift */,
				000000000000000000000246 /* OutputFolderAndObsidianTests.swift */,
				000000000000000000000245 /* OutputExporterTests.swift */,
				000000000000000000000244 /* MarkdownRendererTests.swift */,
				000000000000000000000238 /* TranscriptMergerTests.swift */,
				000000000000000000000236 /* WhisperCppIntegrationTests.swift */,
				000000000000000000000235 /* SessionTranscriberTests.swift */,
				000000000000000000000231 /* TranscriptModelsTests.swift */,
				000000000000000000000232 /* WhisperAudioReaderTests.swift */,
				000000000000000000000233 /* WhisperModelManagerTests.swift */,
				000000000000000000000225 /* AudioFinalizerTests.swift */,
				000000000000000000000218 /* AudioCaptureDiagnosticsTests.swift */,
				000000000000000000000219 /* AudioFileWriterTests.swift */,
				000000000000000000000222 /* CaptureCoordinatorTests.swift */,
				000000000000000000000208 /* AppStateMachineTests.swift */,
				000000000000000000000209 /* SessionManagerTests.swift */,
				000000000000000000000278 /* SessionCatalogTests.swift */,
			);
			path = MeetingScribeTests;
			sourceTree = "<group>";
		};
		000000000000000000000606 /* Products */ = {
			isa = PBXGroup;
			children = (
				000000000000000000000210 /* MeetingScribe.app */,
				000000000000000000000211 /* MeetingScribeTests.xctest */,
			);
			name = Products;
			sourceTree = "<group>";
		};
		000000000000000000000607 /* Capture */ = {
			isa = PBXGroup;
			children = (
				000000000000000000000223 /* AudioConverter.swift */,
				000000000000000000000224 /* AudioFinalizer.swift */,
				000000000000000000000220 /* AudioClock.swift */,
				000000000000000000000213 /* AudioCaptureDiagnostics.swift */,
				000000000000000000000214 /* AudioCaptureService.swift */,
				000000000000000000000215 /* AudioFileWriter.swift */,
				000000000000000000000216 /* SystemAudioCapture.swift */,
				000000000000000000000217 /* CaptureCoordinator.swift */,
				000000000000000000000221 /* MicrophoneCapture.swift */,
			);
			path = Capture;
			sourceTree = "<group>";
		};
		000000000000000000000608 /* Transcription */ = {
			isa = PBXGroup;
			children = (
				000000000000000000000264 /* WhisperSettingsStore.swift */,
				000000000000000000000234 /* SessionTranscriber.swift */,
				000000000000000000000237 /* TranscriptMerger.swift */,
				000000000000000000000226 /* TranscriptModels.swift */,
				000000000000000000000227 /* TranscriptionService.swift */,
				000000000000000000000228 /* WhisperAudioReader.swift */,
				000000000000000000000229 /* WhisperModelManager.swift */,
				000000000000000000000230 /* WhisperCppService.swift */,
			);
			path = Transcription;
			sourceTree = "<group>";
		};
		000000000000000000000609 /* Output */ = {
			isa = PBXGroup;
			children = (
				000000000000000000000239 /* FilenameSanitizer.swift */,
				000000000000000000000240 /* MarkdownRenderer.swift */,
				000000000000000000000243 /* ObsidianService.swift */,
				000000000000000000000241 /* OutputExporter.swift */,
				000000000000000000000242 /* OutputFolderStore.swift */,
				000000000000000000000266 /* ProcessingFileService.swift */,
			);
			path = Output;
			sourceTree = "<group>";
		};
		000000000000000000000610 /* Analysis */ = {
			isa = PBXGroup;
			children = (
				000000000000000000000247 /* AnalysisModels.swift */,
				000000000000000000000248 /* AnalysisProvider.swift */,
				000000000000000000000249 /* OpenAIAnalysisProvider.swift */,
				000000000000000000000250 /* APIKeyStore.swift */,
				000000000000000000000251 /* MeetingAnalyzer.swift */,
				000000000000000000000252 /* AnalysisSettingsStore.swift */,
			);
			path = Analysis;
			sourceTree = "<group>";
		};
/* End PBXGroup section */

/* Begin PBXNativeTarget section */
		000000000000000000000401 /* MeetingScribe */ = {
			isa = PBXNativeTarget;
			buildConfigurationList = 000000000000000000000701 /* Build configuration list for PBXNativeTarget "MeetingScribe" */;
			buildPhases = (
				000000000000000000000801 /* Sources */,
				000000000000000000000501 /* Frameworks */,
				000000000000000000000803 /* Resources */,
			);
			buildRules = (
			);
			dependencies = (
			);
			name = MeetingScribe;
			packageProductDependencies = (
				000000000000000000001202 /* whisper */,
			);
			productName = MeetingScribe;
			productReference = 000000000000000000000210 /* MeetingScribe.app */;
			productType = "com.apple.product-type.application";
		};
		000000000000000000000402 /* MeetingScribeTests */ = {
			isa = PBXNativeTarget;
			buildConfigurationList = 000000000000000000000702 /* Build configuration list for PBXNativeTarget "MeetingScribeTests" */;
			buildPhases = (
				000000000000000000000802 /* Sources */,
				000000000000000000000502 /* Frameworks */,
				000000000000000000000804 /* Resources */,
			);
			buildRules = (
			);
			dependencies = (
				000000000000000000000901 /* PBXTargetDependency */,
			);
			name = MeetingScribeTests;
			productName = MeetingScribeTests;
			productReference = 000000000000000000000211 /* MeetingScribeTests.xctest */;
			productType = "com.apple.product-type.bundle.unit-test";
		};
/* End PBXNativeTarget section */

/* Begin PBXProject section */
		000000000000000000000001 /* Project object */ = {
			isa = PBXProject;
			attributes = {
				BuildIndependentTargetsInParallel = 1;
				LastSwiftUpdateCheck = 2660;
				LastUpgradeCheck = 2660;
				TargetAttributes = {
					000000000000000000000401 = {
						CreatedOnToolsVersion = 26.6;
					};
					000000000000000000000402 = {
						CreatedOnToolsVersion = 26.6;
						TestTargetID = 000000000000000000000401;
					};
				};
			};
			buildConfigurationList = 000000000000000000000700 /* Build configuration list for PBXProject "MeetingScribe" */;
			developmentRegion = en;
			hasScannedForEncodings = 0;
			knownRegions = (
				en,
				Base,
			);
			mainGroup = 000000000000000000000601;
			minimizedProjectReferenceProxies = 1;
			packageReferences = (
				000000000000000000001201 /* XCLocalSwiftPackageReference "Packages/WhisperBinary" */,
			);
			preferredProjectObjectVersion = 77;
			productRefGroup = 000000000000000000000606 /* Products */;
			projectDirPath = "";
			projectRoot = "";
			targets = (
				000000000000000000000401 /* MeetingScribe */,
				000000000000000000000402 /* MeetingScribeTests */,
			);
		};
/* End PBXProject section */

/* Begin PBXResourcesBuildPhase section */
		000000000000000000000803 /* Resources */ = {
			isa = PBXResourcesBuildPhase;
			buildActionMask = 2147483647;
			files = (
				000000000000000000000171 /* Localizable.xcstrings in Resources */,
			);
			runOnlyForDeploymentPostprocessing = 0;
		};
		000000000000000000000804 /* Resources */ = {
			isa = PBXResourcesBuildPhase;
			buildActionMask = 2147483647;
			files = (
			);
			runOnlyForDeploymentPostprocessing = 0;
		};
/* End PBXResourcesBuildPhase section */

/* Begin PBXSourcesBuildPhase section */
		000000000000000000000801 /* Sources */ = {
			isa = PBXSourcesBuildPhase;
			buildActionMask = 2147483647;
			files = (
				000000000000000000000163 /* ProcessingFileService.swift in Sources */,
				000000000000000000000162 /* WhisperSettingsStore.swift in Sources */,
				000000000000000000000156 /* SessionRecovery.swift in Sources */,
				000000000000000000000154 /* StorageGuard.swift in Sources */,
				000000000000000000000155 /* ProcessingLogger.swift in Sources */,
				000000000000000000000172 /* SessionCatalog.swift in Sources */,
				000000000000000000000145 /* AnalysisModels.swift in Sources */,
				000000000000000000000146 /* AnalysisProvider.swift in Sources */,
				000000000000000000000147 /* OpenAIAnalysisProvider.swift in Sources */,
				000000000000000000000148 /* APIKeyStore.swift in Sources */,
				000000000000000000000149 /* MeetingAnalyzer.swift in Sources */,
				000000000000000000000150 /* AnalysisSettingsStore.swift in Sources */,
				000000000000000000000137 /* FilenameSanitizer.swift in Sources */,
				000000000000000000000138 /* MarkdownRenderer.swift in Sources */,
				000000000000000000000141 /* ObsidianService.swift in Sources */,
				000000000000000000000139 /* OutputExporter.swift in Sources */,
				000000000000000000000140 /* OutputFolderStore.swift in Sources */,
				000000000000000000000132 /* SessionTranscriber.swift in Sources */,
				000000000000000000000135 /* TranscriptMerger.swift in Sources */,
				000000000000000000000124 /* TranscriptModels.swift in Sources */,
				000000000000000000000125 /* TranscriptionService.swift in Sources */,
				000000000000000000000126 /* WhisperAudioReader.swift in Sources */,
				000000000000000000000127 /* WhisperModelManager.swift in Sources */,
				000000000000000000000128 /* WhisperCppService.swift in Sources */,
				000000000000000000000120 /* AudioConverter.swift in Sources */,
				000000000000000000000121 /* AudioFinalizer.swift in Sources */,
				000000000000000000000117 /* AudioClock.swift in Sources */,
				000000000000000000000110 /* AudioCaptureDiagnostics.swift in Sources */,
				000000000000000000000111 /* AudioCaptureService.swift in Sources */,
				000000000000000000000112 /* AudioFileWriter.swift in Sources */,
				000000000000000000000113 /* SystemAudioCapture.swift in Sources */,
				000000000000000000000114 /* CaptureCoordinator.swift in Sources */,
				000000000000000000000118 /* MicrophoneCapture.swift in Sources */,
				000000000000000000000101 /* MeetingScribeApp.swift in Sources */,
				000000000000000000000102 /* AppStatus.swift in Sources */,
				000000000000000000000103 /* AppState.swift in Sources */,
				000000000000000000000168 /* ApplicationSettings.swift in Sources */,
				000000000000000000000169 /* ProcessingProgress.swift in Sources */,
				000000000000000000000170 /* SettingsView.swift in Sources */,
				000000000000000000000104 /* MenuBarView.swift in Sources */,
				000000000000000000000173 /* RecordingsWindowModel.swift in Sources */,
				000000000000000000000174 /* RecordingsWindow.swift in Sources */,
				000000000000000000000105 /* RecordingSession.swift in Sources */,
				000000000000000000000106 /* SessionMetadata.swift in Sources */,
				000000000000000000000107 /* SessionManager.swift in Sources */,
			);
			runOnlyForDeploymentPostprocessing = 0;
		};
		000000000000000000000802 /* Sources */ = {
			isa = PBXSourcesBuildPhase;
			buildActionMask = 2147483647;
			files = (
				000000000000000000000175 /* SessionCatalogTests.swift in Sources */,
				000000000000000000000164 /* AudioClockTests.swift in Sources */,
				000000000000000000000165 /* MicrophoneCaptureRecoveryTests.swift in Sources */,
				000000000000000000000166 /* ProcessingFileServiceTests.swift in Sources */,
				000000000000000000000167 /* WhisperCancellationTests.swift in Sources */,
				000000000000000000000161 /* LongSessionStabilityTests.swift in Sources */,
				000000000000000000000160 /* AppStateResilienceTests.swift in Sources */,
				000000000000000000000159 /* SessionRecoveryTests.swift in Sources */,
				000000000000000000000158 /* ProcessingLoggerTests.swift in Sources */,
				000000000000000000000157 /* StorageGuardTests.swift in Sources */,
				000000000000000000000153 /* APIKeyStoreTests.swift in Sources */,
				000000000000000000000152 /* OpenAIAnalysisProviderTests.swift in Sources */,
				000000000000000000000151 /* MeetingAnalyzerTests.swift in Sources */,
				000000000000000000000144 /* OutputFolderAndObsidianTests.swift in Sources */,
				000000000000000000000143 /* OutputExporterTests.swift in Sources */,
				000000000000000000000142 /* MarkdownRendererTests.swift in Sources */,
				000000000000000000000136 /* TranscriptMergerTests.swift in Sources */,
				000000000000000000000134 /* WhisperCppIntegrationTests.swift in Sources */,
				000000000000000000000133 /* SessionTranscriberTests.swift in Sources */,
				000000000000000000000129 /* TranscriptModelsTests.swift in Sources */,
				000000000000000000000130 /* WhisperAudioReaderTests.swift in Sources */,
				000000000000000000000131 /* WhisperModelManagerTests.swift in Sources */,
				000000000000000000000122 /* AudioFinalizerTests.swift in Sources */,
				000000000000000000000115 /* AudioCaptureDiagnosticsTests.swift in Sources */,
				000000000000000000000116 /* AudioFileWriterTests.swift in Sources */,
				000000000000000000000119 /* CaptureCoordinatorTests.swift in Sources */,
				000000000000000000000108 /* AppStateMachineTests.swift in Sources */,
				000000000000000000000109 /* SessionManagerTests.swift in Sources */,
			);
			runOnlyForDeploymentPostprocessing = 0;
		};
/* End PBXSourcesBuildPhase section */

/* Begin PBXTargetDependency section */
		000000000000000000000901 /* PBXTargetDependency */ = {
			isa = PBXTargetDependency;
			target = 000000000000000000000401 /* MeetingScribe */;
			targetProxy = 000000000000000000000301 /* PBXContainerItemProxy */;
		};
/* End PBXTargetDependency section */

/* Begin XCBuildConfiguration section */
		000000000000000000001001 /* Debug */ = {
			isa = XCBuildConfiguration;
			buildSettings = {
				ALWAYS_SEARCH_USER_PATHS = NO;
				CLANG_ENABLE_MODULES = YES;
				CLANG_ENABLE_OBJC_ARC = YES;
				CLANG_WARN_BOOL_CONVERSION = YES;
				CLANG_WARN_CONSTANT_CONVERSION = YES;
				CLANG_WARN_DEPRECATED_OBJC_IMPLEMENTATIONS = YES;
				CLANG_WARN_DOCUMENTATION_COMMENTS = YES;
				CLANG_WARN_EMPTY_BODY = YES;
				CLANG_WARN_ENUM_CONVERSION = YES;
				CLANG_WARN_INFINITE_RECURSION = YES;
				CLANG_WARN_INT_CONVERSION = YES;
				CLANG_WARN_NON_LITERAL_NULL_CONVERSION = YES;
				CLANG_WARN_OBJC_IMPLICIT_RETAIN_SELF = YES;
				CLANG_WARN_OBJC_LITERAL_CONVERSION = YES;
				CLANG_WARN_QUOTED_INCLUDE_IN_FRAMEWORK_HEADER = YES;
				CLANG_WARN_RANGE_LOOP_ANALYSIS = YES;
				CLANG_WARN_STRICT_PROTOTYPES = YES;
				CLANG_WARN_SUSPICIOUS_MOVE = YES;
				CLANG_WARN_UNGUARDED_AVAILABILITY = YES_AGGRESSIVE;
				CLANG_WARN_UNREACHABLE_CODE = YES;
				COPY_PHASE_STRIP = NO;
				DEBUG_INFORMATION_FORMAT = dwarf;
				ENABLE_TESTABILITY = YES;
				GCC_C_LANGUAGE_STANDARD = gnu17;
				GCC_NO_COMMON_BLOCKS = YES;
				GCC_OPTIMIZATION_LEVEL = 0;
				GCC_PREPROCESSOR_DEFINITIONS = (
					"DEBUG=1",
					"$(inherited)",
				);
				GCC_WARN_64_TO_32_BIT_CONVERSION = YES;
				GCC_WARN_ABOUT_RETURN_TYPE = YES_ERROR;
				GCC_WARN_UNDECLARED_SELECTOR = YES;
				GCC_WARN_UNINITIALIZED_AUTOS = YES_AGGRESSIVE;
				GCC_WARN_UNUSED_FUNCTION = YES;
				GCC_WARN_UNUSED_VARIABLE = YES;
				MACOSX_DEPLOYMENT_TARGET = 14.0;
				MTL_ENABLE_DEBUG_INFO = INCLUDE_SOURCE;
				MTL_FAST_MATH = YES;
				ONLY_ACTIVE_ARCH = YES;
				SDKROOT = macosx;
				SWIFT_ACTIVE_COMPILATION_CONDITIONS = "DEBUG $(inherited)";
				SWIFT_OPTIMIZATION_LEVEL = "-Onone";
			};
			name = Debug;
		};
		000000000000000000001002 /* Release */ = {
			isa = XCBuildConfiguration;
			buildSettings = {
				ALWAYS_SEARCH_USER_PATHS = NO;
				CLANG_ENABLE_MODULES = YES;
				CLANG_ENABLE_OBJC_ARC = YES;
				CLANG_WARN_BOOL_CONVERSION = YES;
				CLANG_WARN_CONSTANT_CONVERSION = YES;
				CLANG_WARN_DEPRECATED_OBJC_IMPLEMENTATIONS = YES;
				CLANG_WARN_DOCUMENTATION_COMMENTS = YES;
				CLANG_WARN_EMPTY_BODY = YES;
				CLANG_WARN_ENUM_CONVERSION = YES;
				CLANG_WARN_INFINITE_RECURSION = YES;
				CLANG_WARN_INT_CONVERSION = YES;
				CLANG_WARN_NON_LITERAL_NULL_CONVERSION = YES;
				CLANG_WARN_OBJC_IMPLICIT_RETAIN_SELF = YES;
				CLANG_WARN_OBJC_LITERAL_CONVERSION = YES;
				CLANG_WARN_QUOTED_INCLUDE_IN_FRAMEWORK_HEADER = YES;
				CLANG_WARN_RANGE_LOOP_ANALYSIS = YES;
				CLANG_WARN_STRICT_PROTOTYPES = YES;
				CLANG_WARN_SUSPICIOUS_MOVE = YES;
				CLANG_WARN_UNGUARDED_AVAILABILITY = YES_AGGRESSIVE;
				CLANG_WARN_UNREACHABLE_CODE = YES;
				COPY_PHASE_STRIP = NO;
				DEBUG_INFORMATION_FORMAT = "dwarf-with-dsym";
				ENABLE_NS_ASSERTIONS = NO;
				GCC_C_LANGUAGE_STANDARD = gnu17;
				GCC_NO_COMMON_BLOCKS = YES;
				GCC_WARN_64_TO_32_BIT_CONVERSION = YES;
				GCC_WARN_ABOUT_RETURN_TYPE = YES_ERROR;
				GCC_WARN_UNDECLARED_SELECTOR = YES;
				GCC_WARN_UNINITIALIZED_AUTOS = YES_AGGRESSIVE;
				GCC_WARN_UNUSED_FUNCTION = YES;
				GCC_WARN_UNUSED_VARIABLE = YES;
				MACOSX_DEPLOYMENT_TARGET = 14.0;
				MTL_ENABLE_DEBUG_INFO = NO;
				MTL_FAST_MATH = YES;
				SDKROOT = macosx;
				SWIFT_COMPILATION_MODE = wholemodule;
			};
			name = Release;
		};
		000000000000000000001003 /* Debug */ = {
			isa = XCBuildConfiguration;
			buildSettings = {
				ASSETCATALOG_COMPILER_APPICON_NAME = AppIcon;
				CODE_SIGN_ENTITLEMENTS = MeetingScribe/MeetingScribe.entitlements;
				"CODE_SIGN_IDENTITY[sdk=macosx*]" = "Apple Development";
				CODE_SIGN_STYLE = Automatic;
				COMBINE_HIDPI_IMAGES = YES;
				CURRENT_PROJECT_VERSION = 1;
				DEVELOPMENT_TEAM = 4L9Z76W4R5;
				ENABLE_HARDENED_RUNTIME = YES;
				GENERATE_INFOPLIST_FILE = YES;
				INFOPLIST_KEY_LSApplicationCategoryType = "public.app-category.productivity";
				INFOPLIST_KEY_LSUIElement = YES;
				INFOPLIST_KEY_NSMicrophoneUsageDescription = "MeetingScribe records your microphone as a separate local audio track.";
				LD_RUNPATH_SEARCH_PATHS = (
					"$(inherited)",
					"@executable_path/../Frameworks",
					"@loader_path/../Frameworks",
				);
				MARKETING_VERSION = 0.1.0;
				PRODUCT_BUNDLE_IDENTIFIER = com.martinhostak.MeetingScribe;
				PRODUCT_NAME = "$(TARGET_NAME)";
				SWIFT_EMIT_LOC_STRINGS = YES;
				SWIFT_STRICT_CONCURRENCY = complete;
				SWIFT_VERSION = 6.0;
			};
			name = Debug;
		};
		000000000000000000001004 /* Release */ = {
			isa = XCBuildConfiguration;
			buildSettings = {
				ASSETCATALOG_COMPILER_APPICON_NAME = AppIcon;
				CODE_SIGN_ENTITLEMENTS = MeetingScribe/MeetingScribe.entitlements;
				"CODE_SIGN_IDENTITY[sdk=macosx*]" = "Apple Development";
				CODE_SIGN_STYLE = Automatic;
				COMBINE_HIDPI_IMAGES = YES;
				CURRENT_PROJECT_VERSION = 1;
				DEVELOPMENT_TEAM = 4L9Z76W4R5;
				ENABLE_HARDENED_RUNTIME = YES;
				GENERATE_INFOPLIST_FILE = YES;
				INFOPLIST_KEY_LSApplicationCategoryType = "public.app-category.productivity";
				INFOPLIST_KEY_LSUIElement = YES;
				INFOPLIST_KEY_NSMicrophoneUsageDescription = "MeetingScribe records your microphone as a separate local audio track.";
				LD_RUNPATH_SEARCH_PATHS = (
					"$(inherited)",
					"@executable_path/../Frameworks",
					"@loader_path/../Frameworks",
				);
				MARKETING_VERSION = 0.1.0;
				PRODUCT_BUNDLE_IDENTIFIER = com.martinhostak.MeetingScribe;
				PRODUCT_NAME = "$(TARGET_NAME)";
				SWIFT_EMIT_LOC_STRINGS = YES;
				SWIFT_STRICT_CONCURRENCY = complete;
				SWIFT_VERSION = 6.0;
			};
			name = Release;
		};
		000000000000000000001005 /* Debug */ = {
			isa = XCBuildConfiguration;
			buildSettings = {
				BUNDLE_LOADER = "$(TEST_HOST)";
				CODE_SIGN_STYLE = Automatic;
				GENERATE_INFOPLIST_FILE = YES;
				MACOSX_DEPLOYMENT_TARGET = 14.0;
				PRODUCT_BUNDLE_IDENTIFIER = com.martinhostak.MeetingScribeTests;
				PRODUCT_NAME = "$(TARGET_NAME)";
				SWIFT_STRICT_CONCURRENCY = complete;
				SWIFT_VERSION = 6.0;
				TEST_HOST = "$(BUILT_PRODUCTS_DIR)/MeetingScribe.app/Contents/MacOS/MeetingScribe";
			};
			name = Debug;
		};
		000000000000000000001006 /* Release */ = {
			isa = XCBuildConfiguration;
			buildSettings = {
				BUNDLE_LOADER = "$(TEST_HOST)";
				CODE_SIGN_STYLE = Automatic;
				GENERATE_INFOPLIST_FILE = YES;
				MACOSX_DEPLOYMENT_TARGET = 14.0;
				PRODUCT_BUNDLE_IDENTIFIER = com.martinhostak.MeetingScribeTests;
				PRODUCT_NAME = "$(TARGET_NAME)";
				SWIFT_STRICT_CONCURRENCY = complete;
				SWIFT_VERSION = 6.0;
				TEST_HOST = "$(BUILT_PRODUCTS_DIR)/MeetingScribe.app/Contents/MacOS/MeetingScribe";
			};
			name = Release;
		};
/* End XCBuildConfiguration section */

/* Begin XCConfigurationList section */
		000000000000000000000700 /* Build configuration list for PBXProject "MeetingScribe" */ = {
			isa = XCConfigurationList;
			buildConfigurations = (
				000000000000000000001001 /* Debug */,
				000000000000000000001002 /* Release */,
			);
			defaultConfigurationIsVisible = 0;
			defaultConfigurationName = Release;
		};
		000000000000000000000701 /* Build configuration list for PBXNativeTarget "MeetingScribe" */ = {
			isa = XCConfigurationList;
			buildConfigurations = (
				000000000000000000001003 /* Debug */,
				000000000000000000001004 /* Release */,
			);
			defaultConfigurationIsVisible = 0;
			defaultConfigurationName = Release;
		};
		000000000000000000000702 /* Build configuration list for PBXNativeTarget "MeetingScribeTests" */ = {
			isa = XCConfigurationList;
			buildConfigurations = (
				000000000000000000001005 /* Debug */,
				000000000000000000001006 /* Release */,
			);
			defaultConfigurationIsVisible = 0;
			defaultConfigurationName = Release;
		};
/* End XCConfigurationList section */

/* Begin XCLocalSwiftPackageReference section */
		000000000000000000001201 /* XCLocalSwiftPackageReference "Packages/WhisperBinary" */ = {
			isa = XCLocalSwiftPackageReference;
			relativePath = Packages/WhisperBinary;
		};
/* End XCLocalSwiftPackageReference section */

/* Begin XCSwiftPackageProductDependency section */
		000000000000000000001202 /* whisper */ = {
			isa = XCSwiftPackageProductDependency;
			package = 000000000000000000001201 /* XCLocalSwiftPackageReference "Packages/WhisperBinary" */;
			productName = whisper;
		};
/* End XCSwiftPackageProductDependency section */
	};
	rootObject = 000000000000000000000001 /* Project object */;
}
