// !$*UTF8*$!
{
	archiveVersion = 1;
	classes = {
	};
	objectVersion = 77;
	objects = {

/* Begin PBXBuildFile section */
		000000000000000000000101 /* MeetingScribeApp.swift in Sources */ = {isa = PBXBuildFile; fileRef = 000000000000000000000201 /* MeetingScribeApp.swift */; };
		000000000000000000000102 /* AppStatus.swift in Sources */ = {isa = PBXBuildFile; fileRef = 000000000000000000000202 /* AppStatus.swift */; };
		000000000000000000000103 /* AppState.swift in Sources */ = {isa = PBXBuildFile; fileRef = 000000000000000000000203 /* AppState.swift */; };
		000000000000000000000104 /* MenuBarView.swift in Sources */ = {isa = PBXBuildFile; fileRef = 000000000000000000000204 /* MenuBarView.swift */; };
		000000000000000000000105 /* RecordingSession.swift in Sources */ = {isa = PBXBuildFile; fileRef = 000000000000000000000205 /* RecordingSession.swift */; };
		000000000000000000000106 /* SessionMetadata.swift in Sources */ = {isa = PBXBuildFile; fileRef = 000000000000000000000206 /* SessionMetadata.swift */; };
		000000000000000000000107 /* SessionManager.swift in Sources */ = {isa = PBXBuildFile; fileRef = 000000000000000000000207 /* SessionManager.swift */; };
		000000000000000000000108 /* AppStateMachineTests.swift in Sources */ = {isa = PBXBuildFile; fileRef = 000000000000000000000208 /* AppStateMachineTests.swift */; };
		000000000000000000000109 /* SessionManagerTests.swift in Sources */ = {isa = PBXBuildFile; fileRef = 000000000000000000000209 /* SessionManagerTests.swift */; };
		000000000000000000000110 /* AudioCaptureDiagnostics.swift in Sources */ = {isa = PBXBuildFile; fileRef = 000000000000000000000213 /* AudioCaptureDiagnostics.swift */; };
		000000000000000000000111 /* AudioCaptureService.swift in Sources */ = {isa = PBXBuildFile; fileRef = 000000000000000000000214 /* AudioCaptureService.swift */; };
		000000000000000000000112 /* AudioFileWriter.swift in Sources */ = {isa = PBXBuildFile; fileRef = 000000000000000000000215 /* AudioFileWriter.swift */; };
		000000000000000000000113 /* SystemAudioCapture.swift in Sources */ = {isa = PBXBuildFile; fileRef = 000000000000000000000216 /* SystemAudioCapture.swift */; };
		000000000000000000000114 /* CaptureCoordinator.swift in Sources */ = {isa = PBXBuildFile; fileRef = 000000000000000000000217 /* CaptureCoordinator.swift */; };
		000000000000000000000115 /* AudioCaptureDiagnosticsTests.swift in Sources */ = {isa = PBXBuildFile; fileRef = 000000000000000000000218 /* AudioCaptureDiagnosticsTests.swift */; };
		000000000000000000000116 /* AudioFileWriterTests.swift in Sources */ = {isa = PBXBuildFile; fileRef = 000000000000000000000219 /* AudioFileWriterTests.swift */; };
		000000000000000000000117 /* AudioClock.swift in Sources */ = {isa = PBXBuildFile; fileRef = 000000000000000000000220 /* AudioClock.swift */; };
		000000000000000000000118 /* MicrophoneCapture.swift in Sources */ = {isa = PBXBuildFile; fileRef = 000000000000000000000221 /* MicrophoneCapture.swift */; };
		000000000000000000000119 /* CaptureCoordinatorTests.swift in Sources */ = {isa = PBXBuildFile; fileRef = 000000000000000000000222 /* CaptureCoordinatorTests.swift */; };
		000000000000000000000120 /* AudioConverter.swift in Sources */ = {isa = PBXBuildFile; fileRef = 000000000000000000000223 /* AudioConverter.swift */; };
		000000000000000000000121 /* AudioFinalizer.swift in Sources */ = {isa = PBXBuildFile; fileRef = 000000000000000000000224 /* AudioFinalizer.swift */; };
		000000000000000000000122 /* AudioFinalizerTests.swift in Sources */ = {isa = PBXBuildFile; fileRef = 000000000000000000000225 /* AudioFinalizerTests.swift */; };
		000000000000000000000124 /* TranscriptModels.swift in Sources */ = {isa = PBXBuildFile; fileRef = 000000000000000000000226 /* TranscriptModels.swift */; };
		000000000000000000000125 /* TranscriptionService.swift in Sources */ = {isa = PBXBuildFile; fileRef = 000000000000000000000227 /* TranscriptionService.swift */; };
		000000000000000000000129 /* TranscriptModelsTests.swift in Sources */ = {isa = PBXBuildFile; fileRef = 000000000000000000000231 /* TranscriptModelsTests.swift */; };
		000000000000000000000132 /* SessionTranscriber.swift in Sources */ = {isa = PBXBuildFile; fileRef = 000000000000000000000234 /* SessionTranscriber.swift */; };
		000000000000000000000133 /* SessionTranscriberTests.swift in Sources */ = {isa = PBXBuildFile; fileRef = 000000000000000000000235 /* SessionTranscriberTests.swift */; };
		000000000000000000000135 /* TranscriptMerger.swift in Sources */ = {isa = PBXBuildFile; fileRef = 000000000000000000000237 /* TranscriptMerger.swift */; };
		000000000000000000000136 /* TranscriptMergerTests.swift in Sources */ = {isa = PBXBuildFile; fileRef = 000000000000000000000238 /* TranscriptMergerTests.swift */; };
		000000000000000000000137 /* FilenameSanitizer.swift in Sources */ = {isa = PBXBuildFile; fileRef = 000000000000000000000239 /* FilenameSanitizer.swift */; };
		000000000000000000000138 /* MarkdownRenderer.swift in Sources */ = {isa = PBXBuildFile; fileRef = 000000000000000000000240 /* MarkdownRenderer.swift */; };
		000000000000000000000139 /* OutputExporter.swift in Sources */ = {isa = PBXBuildFile; fileRef = 000000000000000000000241 /* OutputExporter.swift */; };
		000000000000000000000140 /* OutputFolderStore.swift in Sources */ = {isa = PBXBuildFile; fileRef = 000000000000000000000242 /* OutputFolderStore.swift */; };
		000000000000000000000141 /* ObsidianService.swift in Sources */ = {isa = PBXBuildFile; fileRef = 000000000000000000000243 /* ObsidianService.swift */; };
		000000000000000000000142 /* MarkdownRendererTests.swift in Sources */ = {isa = PBXBuildFile; fileRef = 000000000000000000000244 /* MarkdownRendererTests.swift */; };
		000000000000000000000143 /* OutputExporterTests.swift in Sources */ = {isa = PBXBuildFile; fileRef = 000000000000000000000245 /* OutputExporterTests.swift */; };
		000000000000000000000144 /* OutputFolderAndObsidianTests.swift in Sources */ = {isa = PBXBuildFile; fileRef = 000000000000000000000246 /* OutputFolderAndObsidianTests.swift */; };
		000000000000000000000145 /* AnalysisModels.swift in Sources */ = {isa = PBXBuildFile; fileRef = 000000000000000000000247 /* AnalysisModels.swift */; };
		000000000000000000000146 /* AnalysisProvider.swift in Sources */ = {isa = PBXBuildFile; fileRef = 000000000000000000000248 /* AnalysisProvider.swift */; };
		000000000000000000000147 /* CLIAnalysisProvider.swift in Sources */ = {isa = PBXBuildFile; fileRef = 000000000000000000000249 /* CLIAnalysisProvider.swift */; };
		000000000000000000000149 /* MeetingAnalyzer.swift in Sources */ = {isa = PBXBuildFile; fileRef = 000000000000000000000251 /* MeetingAnalyzer.swift */; };
		000000000000000000000150 /* AnalysisSettingsStore.swift in Sources */ = {isa = PBXBuildFile; fileRef = 000000000000000000000252 /* AnalysisSettingsStore.swift */; };
		000000000000000000000151 /* MeetingAnalyzerTests.swift in Sources */ = {isa = PBXBuildFile; fileRef = 000000000000000000000253 /* MeetingAnalyzerTests.swift */; };
		000000000000000000000152 /* CLIAnalysisProviderTests.swift in Sources */ = {isa = PBXBuildFile; fileRef = 000000000000000000000254 /* CLIAnalysisProviderTests.swift */; };
		000000000000000000000153 /* AnalysisSettingsStoreTests.swift in Sources */ = {isa = PBXBuildFile; fileRef = 000000000000000000000255 /* AnalysisSettingsStoreTests.swift */; };
		000000000000000000000154 /* StorageGuard.swift in Sources */ = {isa = PBXBuildFile; fileRef = 000000000000000000000256 /* StorageGuard.swift */; };
		000000000000000000000155 /* ProcessingLogger.swift in Sources */ = {isa = PBXBuildFile; fileRef = 000000000000000000000257 /* ProcessingLogger.swift */; };
		000000000000000000000156 /* SessionRecovery.swift in Sources */ = {isa = PBXBuildFile; fileRef = 000000000000000000000258 /* SessionRecovery.swift */; };
		000000000000000000000157 /* StorageGuardTests.swift in Sources */ = {isa = PBXBuildFile; fileRef = 000000000000000000000259 /* StorageGuardTests.swift */; };
		000000000000000000000158 /* ProcessingLoggerTests.swift in Sources */ = {isa = PBXBuildFile; fileRef = 000000000000000000000260 /* ProcessingLoggerTests.swift */; };
		000000000000000000000159 /* SessionRecoveryTests.swift in Sources */ = {isa = PBXBuildFile; fileRef = 000000000000000000000261 /* SessionRecoveryTests.swift */; };
		000000000000000000000160 /* AppStateResilienceTests.swift in Sources */ = {isa = PBXBuildFile; fileRef = 000000000000000000000262 /* AppStateResilienceTests.swift */; };
		A10000000000000000000003 /* ProcessingNotificationsTests.swift in Sources */ = {isa = PBXBuildFile; fileRef = A10000000000000000000004 /* ProcessingNotificationsTests.swift */; };
		000000000000000000000161 /* LongSessionStabilityTests.swift in Sources */ = {isa = PBXBuildFile; fileRef = 000000000000000000000263 /* LongSessionStabilityTests.swift */; };
		000000000000000000000163 /* ProcessingFileService.swift in Sources */ = {isa = PBXBuildFile; fileRef = 000000000000000000000266 /* ProcessingFileService.swift */; };
		000000000000000000000164 /* AudioClockTests.swift in Sources */ = {isa = PBXBuildFile; fileRef = 000000000000000000000267 /* AudioClockTests.swift */; };
		000000000000000000000165 /* MicrophoneCaptureRecoveryTests.swift in Sources */ = {isa = PBXBuildFile; fileRef = 000000000000000000000268 /* MicrophoneCaptureRecoveryTests.swift */; };
		000000000000000000000166 /* ProcessingFileServiceTests.swift in Sources */ = {isa = PBXBuildFile; fileRef = 000000000000000000000269 /* ProcessingFileServiceTests.swift */; };
		000000000000000000000168 /* ApplicationSettings.swift in Sources */ = {isa = PBXBuildFile; fileRef = 000000000000000000000271 /* ApplicationSettings.swift */; };
		000000000000000000000169 /* ProcessingProgress.swift in Sources */ = {isa = PBXBuildFile; fileRef = 000000000000000000000272 /* ProcessingProgress.swift */; };
		A10000000000000000000001 /* ProcessingNotifications.swift in Sources */ = {isa = PBXBuildFile; fileRef = A10000000000000000000002 /* ProcessingNotifications.swift */; };
		000000000000000000000170 /* SettingsView.swift in Sources */ = {isa = PBXBuildFile; fileRef = 000000000000000000000273 /* SettingsView.swift */; };
		000000000000000000000171 /* Localizable.xcstrings in Resources */ = {isa = PBXBuildFile; fileRef = 000000000000000000000274 /* Localizable.xcstrings */; };
		000000000000000000000172 /* SessionCatalog.swift in Sources */ = {isa = PBXBuildFile; fileRef = 000000000000000000000275 /* SessionCatalog.swift */; };
		000000000000000000000173 /* RecordingsWindowModel.swift in Sources */ = {isa = PBXBuildFile; fileRef = 000000000000000000000276 /* RecordingsWindowModel.swift */; };
		000000000000000000000174 /* RecordingsWindow.swift in Sources */ = {isa = PBXBuildFile; fileRef = 000000000000000000000277 /* RecordingsWindow.swift */; };
		000000000000000000000175 /* SessionCatalogTests.swift in Sources */ = {isa = PBXBuildFile; fileRef = 000000000000000000000278 /* SessionCatalogTests.swift */; };
		000000000000000000000176 /* CalendarModels.swift in Sources */ = {isa = PBXBuildFile; fileRef = 000000000000000000000279 /* CalendarModels.swift */; };
		000000000000000000000177 /* CalendarEventService.swift in Sources */ = {isa = PBXBuildFile; fileRef = 000000000000000000000280 /* CalendarEventService.swift */; };
		000000000000000000000178 /* CalendarEventPickerView.swift in Sources */ = {isa = PBXBuildFile; fileRef = 000000000000000000000281 /* CalendarEventPickerView.swift */; };
		000000000000000000000179 /* CalendarIntegrationTests.swift in Sources */ = {isa = PBXBuildFile; fileRef = 000000000000000000000282 /* CalendarIntegrationTests.swift */; };
		000000000000000000000180 /* ContinuousUtterance.swift in Sources */ = {isa = PBXBuildFile; fileRef = 000000000000000000000283 /* ContinuousUtterance.swift */; };
		000000000000000000000183 /* FluidAudioModelManager.swift in Sources */ = {isa = PBXBuildFile; fileRef = 000000000000000000000286 /* FluidAudioModelManager.swift */; };
		000000000000000000000184 /* FluidAudioModelManagerTests.swift in Sources */ = {isa = PBXBuildFile; fileRef = 000000000000000000000287 /* FluidAudioModelManagerTests.swift */; };
		000000000000000000000185 /* FluidAudio in Frameworks */ = {isa = PBXBuildFile; productRef = 000000000000000000001204 /* FluidAudio */; };
		000000000000000000000186 /* FluidAudioTranscriptionService.swift in Sources */ = {isa = PBXBuildFile; fileRef = 000000000000000000000288 /* FluidAudioTranscriptionService.swift */; };
		000000000000000000000187 /* FluidAudioTranscriptionServiceTests.swift in Sources */ = {isa = PBXBuildFile; fileRef = 000000000000000000000289 /* FluidAudioTranscriptionServiceTests.swift */; };
		000000000000000000000188 /* TranscriptionRevision.swift in Sources */ = {isa = PBXBuildFile; fileRef = 000000000000000000000290 /* TranscriptionRevision.swift */; };
		000000000000000000000189 /* AudioActivityDetector.swift in Sources */ = {isa = PBXBuildFile; fileRef = 000000000000000000000291 /* AudioActivityDetector.swift */; };
		000000000000000000000190 /* TranscriptionSettingsStore.swift in Sources */ = {isa = PBXBuildFile; fileRef = 000000000000000000000292 /* TranscriptionSettingsStore.swift */; };
		000000000000000000000191 /* LegacyModelCleaner.swift in Sources */ = {isa = PBXBuildFile; fileRef = 000000000000000000000293 /* LegacyModelCleaner.swift */; };
		AAEB04267A2A0559A5EC5BFC /* ProcessingJob.swift in Sources */ = {isa = PBXBuildFile; fileRef = 5A9EF407D3FAB439B2923D05 /* ProcessingJob.swift */; };
		B25CD2BF4E41D2C2C7E0A4B5 /* ProcessingPresentation.swift in Sources */ = {isa = PBXBuildFile; fileRef = 871AF0F7A103B0C52F514639 /* ProcessingPresentation.swift */; };
		A922E6E6C217F66CFA6C6862 /* ProcessingQueue.swift in Sources */ = {isa = PBXBuildFile; fileRef = F9C1852E12E529ADEF16159B /* ProcessingQueue.swift */; };
		57147AC37E3ECF0D7AC25D59 /* ProcessingResourceGovernor.swift in Sources */ = {isa = PBXBuildFile; fileRef = 4C891254FB559A70E89DB77C /* ProcessingResourceGovernor.swift */; };
		90BFC9896803BEF16998C9CD /* SessionProcessor.swift in Sources */ = {isa = PBXBuildFile; fileRef = D782BA0E4BEE8FBCB79CF172 /* SessionProcessor.swift */; };
		7A1C30F06993F7F321AF4134 /* FluidAudioASRWorker.swift in Sources */ = {isa = PBXBuildFile; fileRef = A99B5C7B60E211B2339E07B8 /* FluidAudioASRWorker.swift */; };
		389B72C8F8BF090484003FB9 /* ConcurrentRecordingProcessingTests.swift in Sources */ = {isa = PBXBuildFile; fileRef = 7A0955035B1DC980E53CEB3E /* ConcurrentRecordingProcessingTests.swift */; };
		720C1A6468CDC51E518C6381 /* ProcessingResourceGovernorTests.swift in Sources */ = {isa = PBXBuildFile; fileRef = 3BC1756C7A931759B5F1445C /* ProcessingResourceGovernorTests.swift */; };
		09B1139E3D68218F2F416829 /* ProcessingQueueTests.swift in Sources */ = {isa = PBXBuildFile; fileRef = DF28F1C0DF3891909289CCA6 /* ProcessingQueueTests.swift */; };
		199EDEC802B9E55C6D1E684E /* SessionProcessorTests.swift in Sources */ = {isa = PBXBuildFile; fileRef = DF8273DC655E6051F1B975BD /* SessionProcessorTests.swift */; };
/* End PBXBuildFile section */

/* Begin PBXContainerItemProxy section */
		000000000000000000000301 /* PBXContainerItemProxy */ = {
			isa = PBXContainerItemProxy;
			containerPortal = 000000000000000000000001 /* Project object */;
			proxyType = 1;
			remoteGlobalIDString = 000000000000000000000401;
			remoteInfo = MeetingScribe;
		};
/* End PBXContainerItemProxy section */

/* Begin PBXFileReference section */
		000000000000000000000201 /* MeetingScribeApp.swift */ = {isa = PBXFileReference; lastKnownFileType = sourcecode.swift; path = MeetingScribeApp.swift; sourceTree = "<group>"; };
		000000000000000000000202 /* AppStatus.swift */ = {isa = PBXFileReference; lastKnownFileType = sourcecode.swift; path = AppStatus.swift; sourceTree = "<group>"; };
		000000000000000000000203 /* AppState.swift */ = {isa = PBXFileReference; lastKnownFileType = sourcecode.swift; path = AppState.swift; sourceTree = "<group>"; };
		000000000000000000000204 /* MenuBarView.swift */ = {isa = PBXFileReference; lastKnownFileType = sourcecode.swift; path = MenuBarView.swift; sourceTree = "<group>"; };
		000000000000000000000205 /* RecordingSession.swift */ = {isa = PBXFileReference; lastKnownFileType = sourcecode.swift; path = RecordingSession.swift; sourceTree = "<group>"; };
		000000000000000000000206 /* SessionMetadata.swift */ = {isa = PBXFileReference; lastKnownFileType = sourcecode.swift; path = SessionMetadata.swift; sourceTree = "<group>"; };
		000000000000000000000207 /* SessionManager.swift */ = {isa = PBXFileReference; lastKnownFileType = sourcecode.swift; path = SessionManager.swift; sourceTree = "<group>"; };
		000000000000000000000208 /* AppStateMachineTests.swift */ = {isa = PBXFileReference; lastKnownFileType = sourcecode.swift; path = AppStateMachineTests.swift; sourceTree = "<group>"; };
		000000000000000000000209 /* SessionManagerTests.swift */ = {isa = PBXFileReference; lastKnownFileType = sourcecode.swift; path = SessionManagerTests.swift; sourceTree = "<group>"; };
		000000000000000000000210 /* MeetingScribe.app */ = {isa = PBXFileReference; explicitFileType = wrapper.application; includeInIndex = 0; path = MeetingScribe.app; sourceTree = BUILT_PRODUCTS_DIR; };
		000000000000000000000211 /* MeetingScribeTests.xctest */ = {isa = PBXFileReference; explicitFileType = wrapper.cfbundle; includeInIndex = 0; path = MeetingScribeTests.xctest; sourceTree = BUILT_PRODUCTS_DIR; };
		000000000000000000000212 /* README.md */ = {isa = PBXFileReference; lastKnownFileType = net.daringfireball.markdown; path = README.md; sourceTree = "<group>"; };
		000000000000000000000213 /* AudioCaptureDiagnostics.swift */ = {isa = PBXFileReference; lastKnownFileType = sourcecode.swift; path = AudioCaptureDiagnostics.swift; sourceTree = "<group>"; };
		000000000000000000000214 /* AudioCaptureService.swift */ = {isa = PBXFileReference; lastKnownFileType = sourcecode.swift; path = AudioCaptureService.swift; sourceTree = "<group>"; };
		000000000000000000000215 /* AudioFileWriter.swift */ = {isa = PBXFileReference; lastKnownFileType = sourcecode.swift; path = AudioFileWriter.swift; sourceTree = "<group>"; };
		000000000000000000000216 /* SystemAudioCapture.swift */ = {isa = PBXFileReference; lastKnownFileType = sourcecode.swift; path = SystemAudioCapture.swift; sourceTree = "<group>"; };
		000000000000000000000217 /* CaptureCoordinator.swift */ = {isa = PBXFileReference; lastKnownFileType = sourcecode.swift; path = CaptureCoordinator.swift; sourceTree = "<group>"; };
		000000000000000000000218 /* AudioCaptureDiagnosticsTests.swift */ = {isa = PBXFileReference; lastKnownFileType = sourcecode.swift; path = AudioCaptureDiagnosticsTests.swift; sourceTree = "<group>"; };
		000000000000000000000219 /* AudioFileWriterTests.swift */ = {isa = PBXFileReference; lastKnownFileType = sourcecode.swift; path = AudioFileWriterTests.swift; sourceTree = "<group>"; };
		000000000000000000000220 /* AudioClock.swift */ = {isa = PBXFileReference; lastKnownFileType = sourcecode.swift; path = AudioClock.swift; sourceTree = "<group>"; };
		000000000000000000000221 /* MicrophoneCapture.swift */ = {isa = PBXFileReference; lastKnownFileType = sourcecode.swift; path = MicrophoneCapture.swift; sourceTree = "<group>"; };
		000000000000000000000222 /* CaptureCoordinatorTests.swift */ = {isa = PBXFileReference; lastKnownFileType = sourcecode.swift; path = CaptureCoordinatorTests.swift; sourceTree = "<group>"; };
		000000000000000000000223 /* AudioConverter.swift */ = {isa = PBXFileReference; lastKnownFileType = sourcecode.swift; path = AudioConverter.swift; sourceTree = "<group>"; };
		000000000000000000000224 /* AudioFinalizer.swift */ = {isa = PBXFileReference; lastKnownFileType = sourcecode.swift; path = AudioFinalizer.swift; sourceTree = "<group>"; };
		000000000000000000000225 /* AudioFinalizerTests.swift */ = {isa = PBXFileReference; lastKnownFileType = sourcecode.swift; path = AudioFinalizerTests.swift; sourceTree = "<group>"; };
		000000000000000000000226 /* TranscriptModels.swift */ = {isa = PBXFileReference; lastKnownFileType = sourcecode.swift; path = TranscriptModels.swift; sourceTree = "<group>"; };
		000000000000000000000227 /* TranscriptionService.swift */ = {isa = PBXFileReference; lastKnownFileType = sourcecode.swift; path = TranscriptionService.swift; sourceTree = "<group>"; };
		000000000000000000000231 /* TranscriptModelsTests.swift */ = {isa = PBXFileReference; lastKnownFileType = sourcecode.swift; path = TranscriptModelsTests.swift; sourceTree = "<group>"; };
		000000000000000000000234 /* SessionTranscriber.swift */ = {isa = PBXFileReference; lastKnownFileType = sourcecode.swift; path = SessionTranscriber.swift; sourceTree = "<group>"; };
		000000000000000000000235 /* SessionTranscriberTests.swift */ = {isa = PBXFileReference; lastKnownFileType = sourcecode.swift; path = SessionTranscriberTests.swift; sourceTree = "<group>"; };
		000000000000000000000237 /* TranscriptMerger.swift */ = {isa = PBXFileReference; lastKnownFileType = sourcecode.swift; path = TranscriptMerger.swift; sourceTree = "<group>"; };
		000000000000000000000238 /* TranscriptMergerTests.swift */ = {isa = PBXFileReference; lastKnownFileType = sourcecode.swift; path = TranscriptMergerTests.swift; sourceTree = "<group>"; };
		000000000000000000000239 /* FilenameSanitizer.swift */ = {isa = PBXFileReference; lastKnownFileType = sourcecode.swift; path = FilenameSanitizer.swift; sourceTree = "<group>"; };
		000000000000000000000240 /* MarkdownRenderer.swift */ = {isa = PBXFileReference; lastKnownFileType = sourcecode.swift; path = MarkdownRenderer.swift; sourceTree = "<group>"; };
		000000000000000000000241 /* OutputExporter.swift */ = {isa = PBXFileReference; lastKnownFileType = sourcecode.swift; path = OutputExporter.swift; sourceTree = "<group>"; };
		000000000000000000000242 /* OutputFolderStore.swift */ = {isa = PBXFileReference; lastKnownFileType = sourcecode.swift; path = OutputFolderStore.swift; sourceTree = "<group>"; };
		000000000000000000000243 /* ObsidianService.swift */ = {isa = PBXFileReference; lastKnownFileType = sourcecode.swift; path = ObsidianService.swift; sourceTree = "<group>"; };
		000000000000000000000244 /* MarkdownRendererTests.swift */ = {isa = PBXFileReference; lastKnownFileType = sourcecode.swift; path = MarkdownRendererTests.swift; sourceTree = "<group>"; };
		000000000000000000000245 /* OutputExporterTests.swift */ = {isa = PBXFileReference; lastKnownFileType = sourcecode.swift; path = OutputExporterTests.swift; sourceTree = "<group>"; };
		000000000000000000000246 /* OutputFolderAndObsidianTests.swift */ = {isa = PBXFileReference; lastKnownFileType = sourcecode.swift; path = OutputFolderAndObsidianTests.swift; sourceTree = "<group>"; };
		000000000000000000000247 /* AnalysisModels.swift */ = {isa = PBXFileReference; lastKnownFileType = sourcecode.swift; path = AnalysisModels.swift; sourceTree = "<group>"; };
		000000000000000000000248 /* AnalysisProvider.swift */ = {isa = PBXFileReference; lastKnownFileType = sourcecode.swift; path = AnalysisProvider.swift; sourceTree = "<group>"; };
		000000000000000000000249 /* CLIAnalysisProvider.swift */ = {isa = PBXFileReference; lastKnownFileType = sourcecode.swift; path = CLIAnalysisProvider.swift; sourceTree = "<group>"; };
		000000000000000000000251 /* MeetingAnalyzer.swift */ = {isa = PBXFileReference; lastKnownFileType = sourcecode.swift; path = MeetingAnalyzer.swift; sourceTree = "<group>"; };
		000000000000000000000252 /* AnalysisSettingsStore.swift */ = {isa = PBXFileReference; lastKnownFileType = sourcecode.swift; path = AnalysisSettingsStore.swift; sourceTree = "<group>"; };
		000000000000000000000253 /* MeetingAnalyzerTests.swift */ = {isa = PBXFileReference; lastKnownFileType = sourcecode.swift; path = MeetingAnalyzerTests.swift; sourceTree = "<group>"; };
		000000000000000000000254 /* CLIAnalysisProviderTests.swift */ = {isa = PBXFileReference; lastKnownFileType = sourcecode.swift; path = CLIAnalysisProviderTests.swift; sourceTree = "<group>"; };
		000000000000000000000255 /* AnalysisSettingsStoreTests.swift */ = {isa = PBXFileReference; lastKnownFileType = sourcecode.swift; path = AnalysisSettingsStoreTests.swift; sourceTree = "<group>"; };
		000000000000000000000256 /* StorageGuard.swift */ = {isa = PBXFileReference; lastKnownFileType = sourcecode.swift; path = StorageGuard.swift; sourceTree = "<group>"; };
		000000000000000000000257 /* ProcessingLogger.swift */ = {isa = PBXFileReference; lastKnownFileType = sourcecode.swift; path = ProcessingLogger.swift; sourceTree = "<group>"; };
		000000000000000000000258 /* SessionRecovery.swift */ = {isa = PBXFileReference; lastKnownFileType = sourcecode.swift; path = SessionRecovery.swift; sourceTree = "<group>"; };
		000000000000000000000259 /* StorageGuardTests.swift */ = {isa = PBXFileReference; lastKnownFileType = sourcecode.swift; path = StorageGuardTests.swift; sourceTree = "<group>"; };
		000000000000000000000260 /* ProcessingLoggerTests.swift */ = {isa = PBXFileReference; lastKnownFileType = sourcecode.swift; path = ProcessingLoggerTests.swift; sourceTree = "<group>"; };
		000000000000000000000261 /* SessionRecoveryTests.swift */ = {isa = PBXFileReference; lastKnownFileType = sourcecode.swift; path = SessionRecoveryTests.swift; sourceTree = "<group>"; };
		000000000000000000000262 /* AppStateResilienceTests.swift */ = {isa = PBXFileReference; lastKnownFileType = sourcecode.swift; path = AppStateResilienceTests.swift; sourceTree = "<group>"; };
		A10000000000000000000004 /* ProcessingNotificationsTests.swift */ = {isa = PBXFileReference; lastKnownFileType = sourcecode.swift; path = ProcessingNotificationsTests.swift; sourceTree = "<group>"; };
		000000000000000000000263 /* LongSessionStabilityTests.swift */ = {isa = PBXFileReference; lastKnownFileType = sourcecode.swift; path = LongSessionStabilityTests.swift; sourceTree = "<group>"; };
		000000000000000000000265 /* MeetingScribe.entitlements */ = {isa = PBXFileReference; lastKnownFileType = text.plist.entitlements; path = MeetingScribe.entitlements; sourceTree = "<group>"; };
		000000000000000000000266 /* ProcessingFileService.swift */ = {isa = PBXFileReference; lastKnownFileType = sourcecode.swift; path = ProcessingFileService.swift; sourceTree = "<group>"; };
		000000000000000000000267 /* AudioClockTests.swift */ = {isa = PBXFileReference; lastKnownFileType = sourcecode.swift; path = AudioClockTests.swift; sourceTree = "<group>"; };
		000000000000000000000268 /* MicrophoneCaptureRecoveryTests.swift */ = {isa = PBXFileReference; lastKnownFileType = sourcecode.swift; path = MicrophoneCaptureRecoveryTests.swift; sourceTree = "<group>"; };
		000000000000000000000269 /* ProcessingFileServiceTests.swift */ = {isa = PBXFileReference; lastKnownFileType = sourcecode.swift; path = ProcessingFileServiceTests.swift; sourceTree = "<group>"; };
		000000000000000000000271 /* ApplicationSettings.swift */ = {isa = PBXFileReference; lastKnownFileType = sourcecode.swift; path = ApplicationSettings.swift; sourceTree = "<group>"; };
		000000000000000000000272 /* ProcessingProgress.swift */ = {isa = PBXFileReference; lastKnownFileType = sourcecode.swift; path = ProcessingProgress.swift; sourceTree = "<group>"; };
		A10000000000000000000002 /* ProcessingNotifications.swift */ = {isa = PBXFileReference; lastKnownFileType = sourcecode.swift; path = ProcessingNotifications.swift; sourceTree = "<group>"; };
		000000000000000000000273 /* SettingsView.swift */ = {isa = PBXFileReference; lastKnownFileType = sourcecode.swift; path = SettingsView.swift; sourceTree = "<group>"; };
		000000000000000000000274 /* Localizable.xcstrings */ = {isa = PBXFileReference; lastKnownFileType = text.json.xcstrings; path = Localizable.xcstrings; sourceTree = "<group>"; };
		000000000000000000000275 /* SessionCatalog.swift */ = {isa = PBXFileReference; lastKnownFileType = sourcecode.swift; path = SessionCatalog.swift; sourceTree = "<group>"; };
		000000000000000000000276 /* RecordingsWindowModel.swift */ = {isa = PBXFileReference; lastKnownFileType = sourcecode.swift; path = RecordingsWindowModel.swift; sourceTree = "<group>"; };
		000000000000000000000277 /* RecordingsWindow.swift */ = {isa = PBXFileReference; lastKnownFileType = sourcecode.swift; path = RecordingsWindow.swift; sourceTree = "<group>"; };
		000000000000000000000278 /* SessionCatalogTests.swift */ = {isa = PBXFileReference; lastKnownFileType = sourcecode.swift; path = SessionCatalogTests.swift; sourceTree = "<group>"; };
		000000000000000000000279 /* CalendarModels.swift */ = {isa = PBXFileReference; lastKnownFileType = sourcecode.swift; path = CalendarModels.swift; sourceTree = "<group>"; };
		000000000000000000000280 /* CalendarEventService.swift */ = {isa = PBXFileReference; lastKnownFileType = sourcecode.swift; path = CalendarEventService.swift; sourceTree = "<group>"; };
		000000000000000000000281 /* CalendarEventPickerView.swift */ = {isa = PBXFileReference; lastKnownFileType = sourcecode.swift; path = CalendarEventPickerView.swift; sourceTree = "<group>"; };
		000000000000000000000282 /* CalendarIntegrationTests.swift */ = {isa = PBXFileReference; lastKnownFileType = sourcecode.swift; path = CalendarIntegrationTests.swift; sourceTree = "<group>"; };
		000000000000000000000283 /* ContinuousUtterance.swift */ = {isa = PBXFileReference; lastKnownFileType = sourcecode.swift; path = ContinuousUtterance.swift; sourceTree = "<group>"; };
		000000000000000000000286 /* FluidAudioModelManager.swift */ = {isa = PBXFileReference; lastKnownFileType = sourcecode.swift; path = FluidAudioModelManager.swift; sourceTree = "<group>"; };
		000000000000000000000287 /* FluidAudioModelManagerTests.swift */ = {isa = PBXFileReference; lastKnownFileType = sourcecode.swift; path = FluidAudioModelManagerTests.swift; sourceTree = "<group>"; };
		000000000000000000000288 /* FluidAudioTranscriptionService.swift */ = {isa = PBXFileReference; lastKnownFileType = sourcecode.swift; path = FluidAudioTranscriptionService.swift; sourceTree = "<group>"; };
		000000000000000000000289 /* FluidAudioTranscriptionServiceTests.swift */ = {isa = PBXFileReference; lastKnownFileType = sourcecode.swift; path = FluidAudioTranscriptionServiceTests.swift; sourceTree = "<group>"; };
		000000000000000000000290 /* TranscriptionRevision.swift */ = {isa = PBXFileReference; lastKnownFileType = sourcecode.swift; path = TranscriptionRevision.swift; sourceTree = "<group>"; };
		000000000000000000000291 /* AudioActivityDetector.swift */ = {isa = PBXFileReference; lastKnownFileType = sourcecode.swift; path = AudioActivityDetector.swift; sourceTree = "<group>"; };
		000000000000000000000292 /* TranscriptionSettingsStore.swift */ = {isa = PBXFileReference; lastKnownFileType = sourcecode.swift; path = TranscriptionSettingsStore.swift; sourceTree = "<group>"; };
		000000000000000000000293 /* LegacyModelCleaner.swift */ = {isa = PBXFileReference; lastKnownFileType = sourcecode.swift; path = LegacyModelCleaner.swift; sourceTree = "<group>"; };
		000000000000000000000302 /* Signing.xcconfig */ = {isa = PBXFileReference; lastKnownFileType = text.xcconfig; path = Signing.xcconfig; sourceTree = "<group>"; };
		5A9EF407D3FAB439B2923D05 /* ProcessingJob.swift */ = {isa = PBXFileReference; lastKnownFileType = sourcecode.swift; path = "Processing/ProcessingJob.swift"; sourceTree = "<group>"; };
		871AF0F7A103B0C52F514639 /* ProcessingPresentation.swift */ = {isa = PBXFileReference; lastKnownFileType = sourcecode.swift; path = "Processing/ProcessingPresentation.swift"; sourceTree = "<group>"; };
		F9C1852E12E529ADEF16159B /* ProcessingQueue.swift */ = {isa = PBXFileReference; lastKnownFileType = sourcecode.swift; path = "Processing/ProcessingQueue.swift"; sourceTree = "<group>"; };
		4C891254FB559A70E89DB77C /* ProcessingResourceGovernor.swift */ = {isa = PBXFileReference; lastKnownFileType = sourcecode.swift; path = "Processing/ProcessingResourceGovernor.swift"; sourceTree = "<group>"; };
		D782BA0E4BEE8FBCB79CF172 /* SessionProcessor.swift */ = {isa = PBXFileReference; lastKnownFileType = sourcecode.swift; path = "Processing/SessionProcessor.swift"; sourceTree = "<group>"; };
		A99B5C7B60E211B2339E07B8 /* FluidAudioASRWorker.swift */ = {isa = PBXFileReference; lastKnownFileType = sourcecode.swift; path = "Transcription/FluidAudioASRWorker.swift"; sourceTree = "<group>"; };
		7A0955035B1DC980E53CEB3E /* ConcurrentRecordingProcessingTests.swift */ = {isa = PBXFileReference; lastKnownFileType = sourcecode.swift; path = "ConcurrentRecordingProcessingTests.swift"; sourceTree = "<group>"; };
		3BC1756C7A931759B5F1445C /* ProcessingResourceGovernorTests.swift */ = {isa = PBXFileReference; lastKnownFileType = sourcecode.swift; path = "ProcessingResourceGovernorTests.swift"; sourceTree = "<group>"; };
		DF28F1C0DF3891909289CCA6 /* ProcessingQueueTests.swift */ = {isa = PBXFileReference; lastKnownFileType = sourcecode.swift; path = "ProcessingQueueTests.swift"; sourceTree = "<group>"; };
		DF8273DC655E6051F1B975BD /* SessionProcessorTests.swift */ = {isa = PBXFileReference; lastKnownFileType = sourcecode.swift; path = "SessionProcessorTests.swift"; sourceTree = "<group>"; };
/* End PBXFileReference section */

/* Begin PBXFrameworksBuildPhase section */
		000000000000000000000501 /* Frameworks */ = {
			isa = PBXFrameworksBuildPhase;
			buildActionMask = 2147483647;
			files = (
				000000000000000000000185 /* FluidAudio in Frameworks */,
			);
			runOnlyForDeploymentPostprocessing = 0;
		};
		000000000000000000000502 /* Frameworks */ = {
			isa = PBXFrameworksBuildPhase;
			buildActionMask = 2147483647;
			files = (
			);
			runOnlyForDeploymentPostprocessing = 0;
		};
/* End PBXFrameworksBuildPhase section */

/* Begin PBXGroup section */
		000000000000000000000601 = {
			isa = PBXGroup;
			children = (
				000000000000000000000602 /* MeetingScribe */,
				000000000000000000000605 /* MeetingScribeTests */,
				000000000000000000000606 /* Products */,
				000000000000000000000613 /* Config */,
				000000000000000000000212 /* README.md */,
			);
			sourceTree = "<group>";
		};
		000000000000000000000602 /* MeetingScribe */ = {
			isa = PBXGroup;
			children = (
				A99B5C7B60E211B2339E07B8 /* FluidAudioASRWorker.swift */,
				D782BA0E4BEE8FBCB79CF172 /* SessionProcessor.swift */,
				4C891254FB559A70E89DB77C /* ProcessingResourceGovernor.swift */,
				F9C1852E12E529ADEF16159B /* ProcessingQueue.swift */,
				871AF0F7A103B0C52F514639 /* ProcessingPresentation.swift */,
				5A9EF407D3FAB439B2923D05 /* ProcessingJob.swift */,
				000000000000000000000265 /* MeetingScribe.entitlements */,
				000000000000000000000603 /* App */,
				000000000000000000000611 /* Resources */,
				000000000000000000000612 /* Calendar */,
				000000000000000000000607 /* Capture */,
				000000000000000000000604 /* Sessions */,
				000000000000000000000608 /* Transcription */,
				000000000000000000000610 /* Analysis */,
				000000000000000000000609 /* Output */,
			);
			path = MeetingScribe;
			sourceTree = "<group>";
		};
		000000000000000000000603 /* App */ = {
			isa = PBXGroup;
			children = (
				000000000000000000000201 /* MeetingScribeApp.swift */,
				000000000000000000000202 /* AppStatus.swift */,
				000000000000000000000203 /* AppState.swift */,
				000000000000000000000271 /* ApplicationSettings.swift */,
				000000000000000000000272 /* ProcessingProgress.swift */,
				A10000000000000000000002 /* ProcessingNotifications.swift */,
				000000000000000000000273 /* SettingsView.swift */,
				000000000000000000000204 /* MenuBarView.swift */,
				000000000000000000000276 /* RecordingsWindowModel.swift */,
				000000000000000000000277 /* RecordingsWindow.swift */,
				000000000000000000000281 /* CalendarEventPickerView.swift */,
			);
			path = App;
			sourceTree = "<group>";
		};
		000000000000000000000611 /* Resources */ = {
			isa = PBXGroup;
			children = (
				000000000000000000000274 /* Localizable.xcstrings */,
			);
			path = Resources;
			sourceTree = "<group>";
		};
		000000000000000000000612 /* Calendar */ = {
			isa = PBXGroup;
			children = (
				000000000000000000000279 /* CalendarModels.swift */,
				000000000000000000000280 /* CalendarEventService.swift */,
			);
			path = Calendar;
			sourceTree = "<group>";
		};
		000000000000000000000613 /* Config */ = {
			isa = PBXGroup;
			children = (
				000000000000000000000302 /* Signing.xcconfig */,
			);
			path = Config;
			sourceTree = "<group>";
		};
		000000000000000000000604 /* Sessions */ = {
			isa = PBXGroup;
			children = (
				000000000000000000000205 /* RecordingSession.swift */,
				000000000000000000000206 /* SessionMetadata.swift */,
				000000000000000000000207 /* SessionManager.swift */,
				000000000000000000000258 /* SessionRecovery.swift */,
				000000000000000000000256 /* StorageGuard.swift */,
				000000000000000000000257 /* ProcessingLogger.swift */,
				000000000000000000000275 /* SessionCatalog.swift */,
			);
			path = Sessions;
			sourceTree = "<group>";
		};
		000000000000000000000605 /* MeetingScribeTests */ = {
			isa = PBXGroup;
			children = (
				DF8273DC655E6051F1B975BD /* SessionProcessorTests.swift */,
				DF28F1C0DF3891909289CCA6 /* ProcessingQueueTests.swift */,
				3BC1756C7A931759B5F1445C /* ProcessingResourceGovernorTests.swift */,
				7A0955035B1DC980E53CEB3E /* ConcurrentRecordingProcessingTests.swift */,
				000000000000000000000289 /* FluidAudioTranscriptionServiceTests.swift */,
				000000000000000000000287 /* FluidAudioModelManagerTests.swift */,
				000000000000000000000267 /* AudioClockTests.swift */,
				000000000000000000000268 /* MicrophoneCaptureRecoveryTests.swift */,
				000000000000000000000269 /* ProcessingFileServiceTests.swift */,
				000000000000000000000263 /* LongSessionStabilityTests.swift */,
				000000000000000000000262 /* AppStateResilienceTests.swift */,
				A10000000000000000000004 /* ProcessingNotificationsTests.swift */,
				000000000000000000000261 /* SessionRecoveryTests.swift */,
				000000000000000000000260 /* ProcessingLoggerTests.swift */,
				000000000000000000000259 /* StorageGuardTests.swift */,
				000000000000000000000255 /* AnalysisSettingsStoreTests.swift */,
				000000000000000000000254 /* CLIAnalysisProviderTests.swift */,
				000000000000000000000253 /* MeetingAnalyzerTests.swift */,
				000000000000000000000246 /* OutputFolderAndObsidianTests.swift */,
				000000000000000000000245 /* OutputExporterTests.swift */,
				000000000000000000000244 /* MarkdownRendererTests.swift */,
				000000000000000000000238 /* TranscriptMergerTests.swift */,
				000000000000000000000235 /* SessionTranscriberTests.swift */,
				000000000000000000000231 /* TranscriptModelsTests.swift */,
				000000000000000000000225 /* AudioFinalizerTests.swift */,
				000000000000000000000218 /* AudioCaptureDiagnosticsTests.swift */,
				000000000000000000000219 /* AudioFileWriterTests.swift */,
				000000000000000000000222 /* CaptureCoordinatorTests.swift */,
				000000000000000000000208 /* AppStateMachineTests.swift */,
				000000000000000000000209 /* SessionManagerTests.swift */,
				000000000000000000000278 /* SessionCatalogTests.swift */,
				000000000000000000000282 /* CalendarIntegrationTests.swift */,
			);
			path = MeetingScribeTests;
			sourceTree = "<group>";
		};
		000000000000000000000606 /* Products */ = {
			isa = PBXGroup;
			children = (
				000000000000000000000210 /* MeetingScribe.app */,
				000000000000000000000211 /* MeetingScribeTests.xctest */,
			);
			name = Products;
			sourceTree = "<group>";
		};
		000000000000000000000607 /* Capture */ = {
			isa = PBXGroup;
			children = (
				000000000000000000000223 /* AudioConverter.swift */,
				000000000000000000000224 /* AudioFinalizer.swift */,
				000000000000000000000220 /* AudioClock.swift */,
				000000000000000000000213 /* AudioCaptureDiagnostics.swift */,
				000000000000000000000214 /* AudioCaptureService.swift */,
				000000000000000000000215 /* AudioFileWriter.swift */,
				000000000000000000000216 /* SystemAudioCapture.swift */,
				000000000000000000000217 /* CaptureCoordinator.swift */,
				000000000000000000000221 /* MicrophoneCapture.swift */,
			);
			path = Capture;
			sourceTree = "<group>";
		};
		000000000000000000000608 /* Transcription */ = {
			isa = PBXGroup;
			children = (
				000000000000000000000293 /* LegacyModelCleaner.swift */,
				000000000000000000000292 /* TranscriptionSettingsStore.swift */,
				000000000000000000000291 /* AudioActivityDetector.swift */,
				000000000000000000000290 /* TranscriptionRevision.swift */,
				000000000000000000000288 /* FluidAudioTranscriptionService.swift */,
				000000000000000000000286 /* FluidAudioModelManager.swift */,
				000000000000000000000283 /* ContinuousUtterance.swift */,
				000000000000000000000234 /* SessionTranscriber.swift */,
				000000000000000000000237 /* TranscriptMerger.swift */,
				000000000000000000000226 /* TranscriptModels.swift */,
				000000000000000000000227 /* TranscriptionService.swift */,
			);
			path = Transcription;
			sourceTree = "<group>";
		};
		000000000000000000000609 /* Output */ = {
			isa = PBXGroup;
			children = (
				000000000000000000000239 /* FilenameSanitizer.swift */,
				000000000000000000000240 /* MarkdownRenderer.swift */,
				000000000000000000000243 /* ObsidianService.swift */,
				000000000000000000000241 /* OutputExporter.swift */,
				000000000000000000000242 /* OutputFolderStore.swift */,
				000000000000000000000266 /* ProcessingFileService.swift */,
			);
			path = Output;
			sourceTree = "<group>";
		};
		000000000000000000000610 /* Analysis */ = {
			isa = PBXGroup;
			children = (
				000000000000000000000247 /* AnalysisModels.swift */,
				000000000000000000000248 /* AnalysisProvider.swift */,
				000000000000000000000249 /* CLIAnalysisProvider.swift */,
				000000000000000000000251 /* MeetingAnalyzer.swift */,
				000000000000000000000252 /* AnalysisSettingsStore.swift */,
			);
			path = Analysis;
			sourceTree = "<group>";
		};
/* End PBXGroup section */

/* Begin PBXNativeTarget section */
		000000000000000000000401 /* MeetingScribe */ = {
			isa = PBXNativeTarget;
			buildConfigurationList = 000000000000000000000701 /* Build configuration list for PBXNativeTarget "MeetingScribe" */;
			buildPhases = (
				000000000000000000000801 /* Sources */,
				000000000000000000000501 /* Frameworks */,
				000000000000000000000803 /* Resources */,
			);
			buildRules = (
			);
			dependencies = (
			);
			name = MeetingScribe;
			packageProductDependencies = (
				000000000000000000001204 /* FluidAudio */,
			);
			productName = MeetingScribe;
			productReference = 000000000000000000000210 /* MeetingScribe.app */;
			productType = "com.apple.product-type.application";
		};
		000000000000000000000402 /* MeetingScribeTests */ = {
			isa = PBXNativeTarget;
			buildConfigurationList = 000000000000000000000702 /* Build configuration list for PBXNativeTarget "MeetingScribeTests" */;
			buildPhases = (
				000000000000000000000802 /* Sources */,
				000000000000000000000502 /* Frameworks */,
				000000000000000000000804 /* Resources */,
			);
			buildRules = (
			);
			dependencies = (
				000000000000000000000901 /* PBXTargetDependency */,
			);
			name = MeetingScribeTests;
			productName = MeetingScribeTests;
			productReference = 000000000000000000000211 /* MeetingScribeTests.xctest */;
			productType = "com.apple.product-type.bundle.unit-test";
		};
/* End PBXNativeTarget section */

/* Begin PBXProject section */
		000000000000000000000001 /* Project object */ = {
			isa = PBXProject;
			attributes = {
				BuildIndependentTargetsInParallel = 1;
				LastSwiftUpdateCheck = 2660;
				LastUpgradeCheck = 2660;
				TargetAttributes = {
					000000000000000000000401 = {
						CreatedOnToolsVersion = 26.6;
					};
					000000000000000000000402 = {
						CreatedOnToolsVersion = 26.6;
						TestTargetID = 000000000000000000000401;
					};
				};
			};
			buildConfigurationList = 000000000000000000000700 /* Build configuration list for PBXProject "MeetingScribe" */;
			developmentRegion = en;
			hasScannedForEncodings = 0;
			knownRegions = (
				en,
				Base,
			);
			mainGroup = 000000000000000000000601;
			minimizedProjectReferenceProxies = 1;
			packageReferences = (
				000000000000000000001203 /* XCRemoteSwiftPackageReference "FluidAudio" */,
			);
			preferredProjectObjectVersion = 77;
			productRefGroup = 000000000000000000000606 /* Products */;
			projectDirPath = "";
			projectRoot = "";
			targets = (
				000000000000000000000401 /* MeetingScribe */,
				000000000000000000000402 /* MeetingScribeTests */,
			);
		};
/* End PBXProject section */

/* Begin PBXResourcesBuildPhase section */
		000000000000000000000803 /* Resources */ = {
			isa = PBXResourcesBuildPhase;
			buildActionMask = 2147483647;
			files = (
				000000000000000000000171 /* Localizable.xcstrings in Resources */,
			);
			runOnlyForDeploymentPostprocessing = 0;
		};
		000000000000000000000804 /* Resources */ = {
			isa = PBXResourcesBuildPhase;
			buildActionMask = 2147483647;
			files = (
			);
			runOnlyForDeploymentPostprocessing = 0;
		};
/* End PBXResourcesBuildPhase section */

/* Begin PBXSourcesBuildPhase section */
		000000000000000000000801 /* Sources */ = {
			isa = PBXSourcesBuildPhase;
			buildActionMask = 2147483647;
			files = (
				7A1C30F06993F7F321AF4134 /* FluidAudioASRWorker.swift in Sources */,
				90BFC9896803BEF16998C9CD /* SessionProcessor.swift in Sources */,
				57147AC37E3ECF0D7AC25D59 /* ProcessingResourceGovernor.swift in Sources */,
				A922E6E6C217F66CFA6C6862 /* ProcessingQueue.swift in Sources */,
				B25CD2BF4E41D2C2C7E0A4B5 /* ProcessingPresentation.swift in Sources */,
				AAEB04267A2A0559A5EC5BFC /* ProcessingJob.swift in Sources */,
				000000000000000000000191 /* LegacyModelCleaner.swift in Sources */,
				000000000000000000000190 /* TranscriptionSettingsStore.swift in Sources */,
				000000000000000000000189 /* AudioActivityDetector.swift in Sources */,
				000000000000000000000188 /* TranscriptionRevision.swift in Sources */,
				000000000000000000000186 /* FluidAudioTranscriptionService.swift in Sources */,
				000000000000000000000183 /* FluidAudioModelManager.swift in Sources */,
				000000000000000000000180 /* ContinuousUtterance.swift in Sources */,
				000000000000000000000163 /* ProcessingFileService.swift in Sources */,
				000000000000000000000156 /* SessionRecovery.swift in Sources */,
				000000000000000000000154 /* StorageGuard.swift in Sources */,
				000000000000000000000155 /* ProcessingLogger.swift in Sources */,
				000000000000000000000172 /* SessionCatalog.swift in Sources */,
				000000000000000000000145 /* AnalysisModels.swift in Sources */,
				000000000000000000000146 /* AnalysisProvider.swift in Sources */,
				000000000000000000000147 /* CLIAnalysisProvider.swift in Sources */,
				000000000000000000000149 /* MeetingAnalyzer.swift in Sources */,
				000000000000000000000150 /* AnalysisSettingsStore.swift in Sources */,
				000000000000000000000137 /* FilenameSanitizer.swift in Sources */,
				000000000000000000000138 /* MarkdownRenderer.swift in Sources */,
				000000000000000000000141 /* ObsidianService.swift in Sources */,
				000000000000000000000139 /* OutputExporter.swift in Sources */,
				000000000000000000000140 /* OutputFolderStore.swift in Sources */,
				000000000000000000000132 /* SessionTranscriber.swift in Sources */,
				000000000000000000000135 /* TranscriptMerger.swift in Sources */,
				000000000000000000000124 /* TranscriptModels.swift in Sources */,
				000000000000000000000125 /* TranscriptionService.swift in Sources */,
				000000000000000000000120 /* AudioConverter.swift in Sources */,
				000000000000000000000121 /* AudioFinalizer.swift in Sources */,
				000000000000000000000117 /* AudioClock.swift in Sources */,
				000000000000000000000110 /* AudioCaptureDiagnostics.swift in Sources */,
				000000000000000000000111 /* AudioCaptureService.swift in Sources */,
				000000000000000000000112 /* AudioFileWriter.swift in Sources */,
				000000000000000000000113 /* SystemAudioCapture.swift in Sources */,
				000000000000000000000114 /* CaptureCoordinator.swift in Sources */,
				000000000000000000000118 /* MicrophoneCapture.swift in Sources */,
				000000000000000000000101 /* MeetingScribeApp.swift in Sources */,
				000000000000000000000102 /* AppStatus.swift in Sources */,
				000000000000000000000103 /* AppState.swift in Sources */,
				000000000000000000000168 /* ApplicationSettings.swift in Sources */,
				000000000000000000000169 /* ProcessingProgress.swift in Sources */,
				A10000000000000000000001 /* ProcessingNotifications.swift in Sources */,
				000000000000000000000170 /* SettingsView.swift in Sources */,
				000000000000000000000104 /* MenuBarView.swift in Sources */,
				000000000000000000000173 /* RecordingsWindowModel.swift in Sources */,
				000000000000000000000174 /* RecordingsWindow.swift in Sources */,
				000000000000000000000176 /* CalendarModels.swift in Sources */,
				000000000000000000000177 /* CalendarEventService.swift in Sources */,
				000000000000000000000178 /* CalendarEventPickerView.swift in Sources */,
				000000000000000000000105 /* RecordingSession.swift in Sources */,
				000000000000000000000106 /* SessionMetadata.swift in Sources */,
				000000000000000000000107 /* SessionManager.swift in Sources */,
			);
			runOnlyForDeploymentPostprocessing = 0;
		};
		000000000000000000000802 /* Sources */ = {
			isa = PBXSourcesBuildPhase;
			buildActionMask = 2147483647;
			files = (
				199EDEC802B9E55C6D1E684E /* SessionProcessorTests.swift in Sources */,
				09B1139E3D68218F2F416829 /* ProcessingQueueTests.swift in Sources */,
				720C1A6468CDC51E518C6381 /* ProcessingResourceGovernorTests.swift in Sources */,
				389B72C8F8BF090484003FB9 /* ConcurrentRecordingProcessingTests.swift in Sources */,
				000000000000000000000187 /* FluidAudioTranscriptionServiceTests.swift in Sources */,
				000000000000000000000184 /* FluidAudioModelManagerTests.swift in Sources */,
				000000000000000000000175 /* SessionCatalogTests.swift in Sources */,
				000000000000000000000164 /* AudioClockTests.swift in Sources */,
				000000000000000000000165 /* MicrophoneCaptureRecoveryTests.swift in Sources */,
				000000000000000000000166 /* ProcessingFileServiceTests.swift in Sources */,
				000000000000000000000161 /* LongSessionStabilityTests.swift in Sources */,
				000000000000000000000160 /* AppStateResilienceTests.swift in Sources */,
				A10000000000000000000003 /* ProcessingNotificationsTests.swift in Sources */,
				000000000000000000000159 /* SessionRecoveryTests.swift in Sources */,
				000000000000000000000158 /* ProcessingLoggerTests.swift in Sources */,
				000000000000000000000157 /* StorageGuardTests.swift in Sources */,
				000000000000000000000153 /* AnalysisSettingsStoreTests.swift in Sources */,
				000000000000000000000152 /* CLIAnalysisProviderTests.swift in Sources */,
				000000000000000000000151 /* MeetingAnalyzerTests.swift in Sources */,
				000000000000000000000144 /* OutputFolderAndObsidianTests.swift in Sources */,
				000000000000000000000143 /* OutputExporterTests.swift in Sources */,
				000000000000000000000142 /* MarkdownRendererTests.swift in Sources */,
				000000000000000000000136 /* TranscriptMergerTests.swift in Sources */,
				000000000000000000000133 /* SessionTranscriberTests.swift in Sources */,
				000000000000000000000129 /* TranscriptModelsTests.swift in Sources */,
				000000000000000000000122 /* AudioFinalizerTests.swift in Sources */,
				000000000000000000000115 /* AudioCaptureDiagnosticsTests.swift in Sources */,
				000000000000000000000116 /* AudioFileWriterTests.swift in Sources */,
				000000000000000000000119 /* CaptureCoordinatorTests.swift in Sources */,
				000000000000000000000108 /* AppStateMachineTests.swift in Sources */,
				000000000000000000000109 /* SessionManagerTests.swift in Sources */,
				000000000000000000000179 /* CalendarIntegrationTests.swift in Sources */,
			);
			runOnlyForDeploymentPostprocessing = 0;
		};
/* End PBXSourcesBuildPhase section */

/* Begin PBXTargetDependency section */
		000000000000000000000901 /* PBXTargetDependency */ = {
			isa = PBXTargetDependency;
			target = 000000000000000000000401 /* MeetingScribe */;
			targetProxy = 000000000000000000000301 /* PBXContainerItemProxy */;
		};
/* End PBXTargetDependency section */

/* Begin XCBuildConfiguration section */
		000000000000000000001001 /* Debug */ = {
			isa = XCBuildConfiguration;
			baseConfigurationReference = 000000000000000000000302 /* Signing.xcconfig */;
			buildSettings = {
				ALWAYS_SEARCH_USER_PATHS = NO;
				CLANG_ENABLE_MODULES = YES;
				CLANG_ENABLE_OBJC_ARC = YES;
				CLANG_WARN_BOOL_CONVERSION = YES;
				CLANG_WARN_CONSTANT_CONVERSION = YES;
				CLANG_WARN_DEPRECATED_OBJC_IMPLEMENTATIONS = YES;
				CLANG_WARN_DOCUMENTATION_COMMENTS = YES;
				CLANG_WARN_EMPTY_BODY = YES;
				CLANG_WARN_ENUM_CONVERSION = YES;
				CLANG_WARN_INFINITE_RECURSION = YES;
				CLANG_WARN_INT_CONVERSION = YES;
				CLANG_WARN_NON_LITERAL_NULL_CONVERSION = YES;
				CLANG_WARN_OBJC_IMPLICIT_RETAIN_SELF = YES;
				CLANG_WARN_OBJC_LITERAL_CONVERSION = YES;
				CLANG_WARN_QUOTED_INCLUDE_IN_FRAMEWORK_HEADER = YES;
				CLANG_WARN_RANGE_LOOP_ANALYSIS = YES;
				CLANG_WARN_STRICT_PROTOTYPES = YES;
				CLANG_WARN_SUSPICIOUS_MOVE = YES;
				CLANG_WARN_UNGUARDED_AVAILABILITY = YES_AGGRESSIVE;
				CLANG_WARN_UNREACHABLE_CODE = YES;
				COPY_PHASE_STRIP = NO;
				DEBUG_INFORMATION_FORMAT = dwarf;
				ENABLE_TESTABILITY = YES;
				GCC_C_LANGUAGE_STANDARD = gnu17;
				GCC_NO_COMMON_BLOCKS = YES;
				GCC_OPTIMIZATION_LEVEL = 0;
				GCC_PREPROCESSOR_DEFINITIONS = (
					"DEBUG=1",
					"$(inherited)",
				);
				GCC_WARN_64_TO_32_BIT_CONVERSION = YES;
				GCC_WARN_ABOUT_RETURN_TYPE = YES_ERROR;
				GCC_WARN_UNDECLARED_SELECTOR = YES;
				GCC_WARN_UNINITIALIZED_AUTOS = YES_AGGRESSIVE;
				GCC_WARN_UNUSED_FUNCTION = YES;
				GCC_WARN_UNUSED_VARIABLE = YES;
				MACOSX_DEPLOYMENT_TARGET = 14.0;
				MTL_ENABLE_DEBUG_INFO = INCLUDE_SOURCE;
				MTL_FAST_MATH = YES;
				ONLY_ACTIVE_ARCH = YES;
				SDKROOT = macosx;
				SWIFT_ACTIVE_COMPILATION_CONDITIONS = "DEBUG $(inherited)";
				SWIFT_OPTIMIZATION_LEVEL = "-Onone";
			};
			name = Debug;
		};
		000000000000000000001002 /* Release */ = {
			isa = XCBuildConfiguration;
			baseConfigurationReference = 000000000000000000000302 /* Signing.xcconfig */;
			buildSettings = {
				ALWAYS_SEARCH_USER_PATHS = NO;
				CLANG_ENABLE_MODULES = YES;
				CLANG_ENABLE_OBJC_ARC = YES;
				CLANG_WARN_BOOL_CONVERSION = YES;
				CLANG_WARN_CONSTANT_CONVERSION = YES;
				CLANG_WARN_DEPRECATED_OBJC_IMPLEMENTATIONS = YES;
				CLANG_WARN_DOCUMENTATION_COMMENTS = YES;
				CLANG_WARN_EMPTY_BODY = YES;
				CLANG_WARN_ENUM_CONVERSION = YES;
				CLANG_WARN_INFINITE_RECURSION = YES;
				CLANG_WARN_INT_CONVERSION = YES;
				CLANG_WARN_NON_LITERAL_NULL_CONVERSION = YES;
				CLANG_WARN_OBJC_IMPLICIT_RETAIN_SELF = YES;
				CLANG_WARN_OBJC_LITERAL_CONVERSION = YES;
				CLANG_WARN_QUOTED_INCLUDE_IN_FRAMEWORK_HEADER = YES;
				CLANG_WARN_RANGE_LOOP_ANALYSIS = YES;
				CLANG_WARN_STRICT_PROTOTYPES = YES;
				CLANG_WARN_SUSPICIOUS_MOVE = YES;
				CLANG_WARN_UNGUARDED_AVAILABILITY = YES_AGGRESSIVE;
				CLANG_WARN_UNREACHABLE_CODE = YES;
				COPY_PHASE_STRIP = NO;
				DEBUG_INFORMATION_FORMAT = "dwarf-with-dsym";
				ENABLE_NS_ASSERTIONS = NO;
				GCC_C_LANGUAGE_STANDARD = gnu17;
				GCC_NO_COMMON_BLOCKS = YES;
				GCC_WARN_64_TO_32_BIT_CONVERSION = YES;
				GCC_WARN_ABOUT_RETURN_TYPE = YES_ERROR;
				GCC_WARN_UNDECLARED_SELECTOR = YES;
				GCC_WARN_UNINITIALIZED_AUTOS = YES_AGGRESSIVE;
				GCC_WARN_UNUSED_FUNCTION = YES;
				GCC_WARN_UNUSED_VARIABLE = YES;
				MACOSX_DEPLOYMENT_TARGET = 14.0;
				MTL_ENABLE_DEBUG_INFO = NO;
				MTL_FAST_MATH = YES;
				SDKROOT = macosx;
				SWIFT_COMPILATION_MODE = wholemodule;
			};
			name = Release;
		};
		000000000000000000001003 /* Debug */ = {
			isa = XCBuildConfiguration;
			baseConfigurationReference = 000000000000000000000302 /* Signing.xcconfig */;
			buildSettings = {
				ASSETCATALOG_COMPILER_APPICON_NAME = AppIcon;
				CODE_SIGN_ENTITLEMENTS = MeetingScribe/MeetingScribe.entitlements;
				COMBINE_HIDPI_IMAGES = YES;
				CURRENT_PROJECT_VERSION = 1;
				ENABLE_HARDENED_RUNTIME = YES;
				GENERATE_INFOPLIST_FILE = NO;
				INFOPLIST_FILE = MeetingScribe/Info.plist;
				LD_RUNPATH_SEARCH_PATHS = (
					"$(inherited)",
					"@executable_path/../Frameworks",
					"@loader_path/../Frameworks",
				);
				MARKETING_VERSION = 0.1.0;
				PRODUCT_BUNDLE_IDENTIFIER = com.martinhostak.MeetingScribe;
				PRODUCT_NAME = "$(TARGET_NAME)";
				SWIFT_EMIT_LOC_STRINGS = YES;
				SWIFT_STRICT_CONCURRENCY = complete;
				SWIFT_VERSION = 6.0;
			};
			name = Debug;
		};
		000000000000000000001004 /* Release */ = {
			isa = XCBuildConfiguration;
			baseConfigurationReference = 000000000000000000000302 /* Signing.xcconfig */;
			buildSettings = {
				ASSETCATALOG_COMPILER_APPICON_NAME = AppIcon;
				CODE_SIGN_ENTITLEMENTS = MeetingScribe/MeetingScribe.entitlements;
				COMBINE_HIDPI_IMAGES = YES;
				CURRENT_PROJECT_VERSION = 1;
				ENABLE_HARDENED_RUNTIME = YES;
				GENERATE_INFOPLIST_FILE = NO;
				INFOPLIST_FILE = MeetingScribe/Info.plist;
				LD_RUNPATH_SEARCH_PATHS = (
					"$(inherited)",
					"@executable_path/../Frameworks",
					"@loader_path/../Frameworks",
				);
				MARKETING_VERSION = 0.1.0;
				PRODUCT_BUNDLE_IDENTIFIER = com.martinhostak.MeetingScribe;
				PRODUCT_NAME = "$(TARGET_NAME)";
				SWIFT_EMIT_LOC_STRINGS = YES;
				SWIFT_STRICT_CONCURRENCY = complete;
				SWIFT_VERSION = 6.0;
			};
			name = Release;
		};
		000000000000000000001005 /* Debug */ = {
			isa = XCBuildConfiguration;
			baseConfigurationReference = 000000000000000000000302 /* Signing.xcconfig */;
			buildSettings = {
				BUNDLE_LOADER = "$(TEST_HOST)";
				GENERATE_INFOPLIST_FILE = YES;
				MACOSX_DEPLOYMENT_TARGET = 14.0;
				PRODUCT_BUNDLE_IDENTIFIER = com.martinhostak.MeetingScribeTests;
				PRODUCT_NAME = "$(TARGET_NAME)";
				SWIFT_STRICT_CONCURRENCY = complete;
				SWIFT_VERSION = 6.0;
				TEST_HOST = "$(BUILT_PRODUCTS_DIR)/MeetingScribe.app/Contents/MacOS/MeetingScribe";
			};
			name = Debug;
		};
		000000000000000000001006 /* Release */ = {
			isa = XCBuildConfiguration;
			baseConfigurationReference = 000000000000000000000302 /* Signing.xcconfig */;
			buildSettings = {
				BUNDLE_LOADER = "$(TEST_HOST)";
				GENERATE_INFOPLIST_FILE = YES;
				MACOSX_DEPLOYMENT_TARGET = 14.0;
				PRODUCT_BUNDLE_IDENTIFIER = com.martinhostak.MeetingScribeTests;
				PRODUCT_NAME = "$(TARGET_NAME)";
				SWIFT_STRICT_CONCURRENCY = complete;
				SWIFT_VERSION = 6.0;
				TEST_HOST = "$(BUILT_PRODUCTS_DIR)/MeetingScribe.app/Contents/MacOS/MeetingScribe";
			};
			name = Release;
		};
/* End XCBuildConfiguration section */

/* Begin XCConfigurationList section */
		000000000000000000000700 /* Build configuration list for PBXProject "MeetingScribe" */ = {
			isa = XCConfigurationList;
			buildConfigurations = (
				000000000000000000001001 /* Debug */,
				000000000000000000001002 /* Release */,
			);
			defaultConfigurationIsVisible = 0;
			defaultConfigurationName = Release;
		};
		000000000000000000000701 /* Build configuration list for PBXNativeTarget "MeetingScribe" */ = {
			isa = XCConfigurationList;
			buildConfigurations = (
				000000000000000000001003 /* Debug */,
				000000000000000000001004 /* Release */,
			);
			defaultConfigurationIsVisible = 0;
			defaultConfigurationName = Release;
		};
		000000000000000000000702 /* Build configuration list for PBXNativeTarget "MeetingScribeTests" */ = {
			isa = XCConfigurationList;
			buildConfigurations = (
				000000000000000000001005 /* Debug */,
				000000000000000000001006 /* Release */,
			);
			defaultConfigurationIsVisible = 0;
			defaultConfigurationName = Release;
		};
/* End XCConfigurationList section */

/* Begin XCRemoteSwiftPackageReference section */
		000000000000000000001203 /* XCRemoteSwiftPackageReference "FluidAudio" */ = {
			isa = XCRemoteSwiftPackageReference;
			repositoryURL = "https://github.com/FluidInference/FluidAudio.git";
			requirement = {
				kind = exactVersion;
				version = 0.15.5;
			};
		};
/* End XCRemoteSwiftPackageReference section */

/* Begin XCSwiftPackageProductDependency section */
		000000000000000000001204 /* FluidAudio */ = {
			isa = XCSwiftPackageProductDependency;
			package = 000000000000000000001203 /* XCRemoteSwiftPackageReference "FluidAudio" */;
			productName = FluidAudio;
		};
/* End XCSwiftPackageProductDependency section */
	};
	rootObject = 000000000000000000000001 /* Project object */;
}
